// !$*UTF8*$!
{
	archiveVersion = 1;
	classes = {
	};
	objectVersion = 55;
	objects = {

/* Begin PBXBuildFile section */
		84335014274BAB15007A1B81 /* ViewFactoryExamples.swift in Sources */ = {isa = PBXBuildFile; fileRef = 84335013274BAB15007A1B81 /* ViewFactoryExamples.swift */; };
		84335016274BABF3007A1B81 /* NewChatView.swift in Sources */ = {isa = PBXBuildFile; fileRef = 84335015274BABF3007A1B81 /* NewChatView.swift */; };
		84335018274BAD4B007A1B81 /* NewChatViewModel.swift in Sources */ = {isa = PBXBuildFile; fileRef = 84335017274BAD4B007A1B81 /* NewChatViewModel.swift */; };
		8465FBBE2746873A00AF091E /* StreamChatSwiftUI.framework in Frameworks */ = {isa = PBXBuildFile; fileRef = 8465FBB52746873A00AF091E /* StreamChatSwiftUI.framework */; };
		8465FBC32746873A00AF091E /* StreamChatSwiftUITests.swift in Sources */ = {isa = PBXBuildFile; fileRef = 8465FBC22746873A00AF091E /* StreamChatSwiftUITests.swift */; };
		8465FCB427468A8D00AF091E /* StreamChat in Frameworks */ = {isa = PBXBuildFile; productRef = 8465FCB327468A8D00AF091E /* StreamChat */; };
		8465FCB727468B0600AF091E /* NukeUI in Frameworks */ = {isa = PBXBuildFile; productRef = 8465FCB627468B0600AF091E /* NukeUI */; };
		8465FCBF27468B6900AF091E /* DemoAppSwiftUIApp.swift in Sources */ = {isa = PBXBuildFile; fileRef = 8465FCBE27468B6900AF091E /* DemoAppSwiftUIApp.swift */; };
		8465FCC127468B6900AF091E /* ContentView.swift in Sources */ = {isa = PBXBuildFile; fileRef = 8465FCC027468B6900AF091E /* ContentView.swift */; };
		8465FCC327468B6A00AF091E /* Assets.xcassets in Resources */ = {isa = PBXBuildFile; fileRef = 8465FCC227468B6A00AF091E /* Assets.xcassets */; };
		8465FCC627468B6A00AF091E /* Preview Assets.xcassets in Resources */ = {isa = PBXBuildFile; fileRef = 8465FCC527468B6A00AF091E /* Preview Assets.xcassets */; };
		8465FCD8274694D200AF091E /* LaunchScreen.swift in Sources */ = {isa = PBXBuildFile; fileRef = 8465FCD1274694D200AF091E /* LaunchScreen.swift */; };
		8465FCD9274694D200AF091E /* LaunchAnimationState.swift in Sources */ = {isa = PBXBuildFile; fileRef = 8465FCD2274694D200AF091E /* LaunchAnimationState.swift */; };
		8465FCDA274694D200AF091E /* AppDelegate.swift in Sources */ = {isa = PBXBuildFile; fileRef = 8465FCD3274694D200AF091E /* AppDelegate.swift */; };
		8465FCDB274694D200AF091E /* DemoUser.swift in Sources */ = {isa = PBXBuildFile; fileRef = 8465FCD4274694D200AF091E /* DemoUser.swift */; };
		8465FCDC274694D200AF091E /* SceneDelegate.swift in Sources */ = {isa = PBXBuildFile; fileRef = 8465FCD5274694D200AF091E /* SceneDelegate.swift */; };
		8465FCDD274694D200AF091E /* CustomAttachment.swift in Sources */ = {isa = PBXBuildFile; fileRef = 8465FCD6274694D200AF091E /* CustomAttachment.swift */; };
		8465FCDE274694D200AF091E /* CustomChannelHeader.swift in Sources */ = {isa = PBXBuildFile; fileRef = 8465FCD7274694D200AF091E /* CustomChannelHeader.swift */; };
		8465FCE6274695B400AF091E /* StreamChatSwiftUI.framework in Frameworks */ = {isa = PBXBuildFile; fileRef = 8465FBB52746873A00AF091E /* StreamChatSwiftUI.framework */; platformFilter = ios; };
		8465FCE7274695B400AF091E /* StreamChatSwiftUI.framework in Embed Frameworks */ = {isa = PBXBuildFile; fileRef = 8465FBB52746873A00AF091E /* StreamChatSwiftUI.framework */; platformFilter = ios; settings = {ATTRIBUTES = (CodeSignOnCopy, RemoveHeadersOnCopy, ); }; };
		8465FD6A2746A95700AF091E /* L10n.swift in Sources */ = {isa = PBXBuildFile; fileRef = 8465FCED2746A95600AF091E /* L10n.swift */; };
		8465FD6B2746A95700AF091E /* L10n_template.stencil in Resources */ = {isa = PBXBuildFile; fileRef = 8465FCEE2746A95600AF091E /* L10n_template.stencil */; };
		8465FD6D2746A95700AF091E /* ViewModelsFactory.swift in Sources */ = {isa = PBXBuildFile; fileRef = 8465FCF02746A95600AF091E /* ViewModelsFactory.swift */; };
		8465FD6E2746A95700AF091E /* DependencyInjection.swift in Sources */ = {isa = PBXBuildFile; fileRef = 8465FCF12746A95600AF091E /* DependencyInjection.swift */; };
		8465FD6F2746A95700AF091E /* StreamChat.swift in Sources */ = {isa = PBXBuildFile; fileRef = 8465FCF22746A95600AF091E /* StreamChat.swift */; };
		8465FD702746A95700AF091E /* Localizable.strings in Resources */ = {isa = PBXBuildFile; fileRef = 8465FCF42746A95600AF091E /* Localizable.strings */; };
		8465FD712746A95700AF091E /* Localizable.stringsdict in Resources */ = {isa = PBXBuildFile; fileRef = 8465FCF62746A95600AF091E /* Localizable.stringsdict */; };
		8465FD722746A95700AF091E /* Assets.xcassets in Resources */ = {isa = PBXBuildFile; fileRef = 8465FCF82746A95600AF091E /* Assets.xcassets */; };
		8465FD732746A95700AF091E /* ActionItemView.swift in Sources */ = {isa = PBXBuildFile; fileRef = 8465FCFA2746A95600AF091E /* ActionItemView.swift */; };
		8465FD742746A95700AF091E /* ViewFactory.swift in Sources */ = {isa = PBXBuildFile; fileRef = 8465FCFB2746A95600AF091E /* ViewFactory.swift */; };
		8465FD752746A95700AF091E /* ImageAttachmentView.swift in Sources */ = {isa = PBXBuildFile; fileRef = 8465FCFE2746A95600AF091E /* ImageAttachmentView.swift */; };
		8465FD762746A95700AF091E /* MessageListView.swift in Sources */ = {isa = PBXBuildFile; fileRef = 8465FCFF2746A95600AF091E /* MessageListView.swift */; };
		8465FD772746A95700AF091E /* FileAttachmentPreview.swift in Sources */ = {isa = PBXBuildFile; fileRef = 8465FD002746A95600AF091E /* FileAttachmentPreview.swift */; };
		8465FD782746A95700AF091E /* FileAttachmentView.swift in Sources */ = {isa = PBXBuildFile; fileRef = 8465FD012746A95600AF091E /* FileAttachmentView.swift */; };
		8465FD792746A95700AF091E /* DeletedMessageView.swift in Sources */ = {isa = PBXBuildFile; fileRef = 8465FD022746A95600AF091E /* DeletedMessageView.swift */; };
		8465FD7A2746A95700AF091E /* VideoPlayerView.swift in Sources */ = {isa = PBXBuildFile; fileRef = 8465FD032746A95600AF091E /* VideoPlayerView.swift */; };
		8465FD7B2746A95700AF091E /* GiphyBadgeView.swift in Sources */ = {isa = PBXBuildFile; fileRef = 8465FD042746A95600AF091E /* GiphyBadgeView.swift */; };
		8465FD7C2746A95700AF091E /* MessageContainerView.swift in Sources */ = {isa = PBXBuildFile; fileRef = 8465FD052746A95600AF091E /* MessageContainerView.swift */; };
		8465FD7D2746A95700AF091E /* MessageBubble.swift in Sources */ = {isa = PBXBuildFile; fileRef = 8465FD062746A95600AF091E /* MessageBubble.swift */; };
		8465FD7E2746A95700AF091E /* VideoAttachmentView.swift in Sources */ = {isa = PBXBuildFile; fileRef = 8465FD072746A95600AF091E /* VideoAttachmentView.swift */; };
		8465FD7F2746A95700AF091E /* MessageTypeResolver.swift in Sources */ = {isa = PBXBuildFile; fileRef = 8465FD082746A95600AF091E /* MessageTypeResolver.swift */; };
		8465FD802746A95700AF091E /* WebView.swift in Sources */ = {isa = PBXBuildFile; fileRef = 8465FD092746A95600AF091E /* WebView.swift */; };
		8465FD812746A95700AF091E /* SystemMessageView.swift in Sources */ = {isa = PBXBuildFile; fileRef = 8465FD0A2746A95600AF091E /* SystemMessageView.swift */; };
		8465FD822746A95700AF091E /* LinkTextView.swift in Sources */ = {isa = PBXBuildFile; fileRef = 8465FD0B2746A95600AF091E /* LinkTextView.swift */; };
		8465FD832746A95700AF091E /* LinkAttachmentView.swift in Sources */ = {isa = PBXBuildFile; fileRef = 8465FD0C2746A95600AF091E /* LinkAttachmentView.swift */; };
		8465FD842746A95700AF091E /* MessageAvatarView.swift in Sources */ = {isa = PBXBuildFile; fileRef = 8465FD0D2746A95600AF091E /* MessageAvatarView.swift */; };
		8465FD852746A95700AF091E /* MessageView.swift in Sources */ = {isa = PBXBuildFile; fileRef = 8465FD0E2746A95600AF091E /* MessageView.swift */; };
		8465FD862746A95700AF091E /* MessageComposerViewModel.swift in Sources */ = {isa = PBXBuildFile; fileRef = 8465FD102746A95600AF091E /* MessageComposerViewModel.swift */; };
		8465FD872746A95700AF091E /* AttachmentPickerTypeView.swift in Sources */ = {isa = PBXBuildFile; fileRef = 8465FD112746A95600AF091E /* AttachmentPickerTypeView.swift */; };
		8465FD882746A95700AF091E /* SendMessageButton.swift in Sources */ = {isa = PBXBuildFile; fileRef = 8465FD122746A95600AF091E /* SendMessageButton.swift */; };
		8465FD892746A95700AF091E /* ComposerTextInputView.swift in Sources */ = {isa = PBXBuildFile; fileRef = 8465FD132746A95600AF091E /* ComposerTextInputView.swift */; };
		8465FD8A2746A95700AF091E /* DiscardAttachmentButton.swift in Sources */ = {isa = PBXBuildFile; fileRef = 8465FD142746A95600AF091E /* DiscardAttachmentButton.swift */; };
		8465FD8B2746A95700AF091E /* FilePickerView.swift in Sources */ = {isa = PBXBuildFile; fileRef = 8465FD152746A95600AF091E /* FilePickerView.swift */; };
		8465FD8C2746A95700AF091E /* ImagePickerView.swift in Sources */ = {isa = PBXBuildFile; fileRef = 8465FD162746A95600AF091E /* ImagePickerView.swift */; };
		8465FD8D2746A95700AF091E /* AddedImageAttachmentsView.swift in Sources */ = {isa = PBXBuildFile; fileRef = 8465FD172746A95600AF091E /* AddedImageAttachmentsView.swift */; };
		8465FD8E2746A95700AF091E /* PhotoAssetsUtils.swift in Sources */ = {isa = PBXBuildFile; fileRef = 8465FD182746A95600AF091E /* PhotoAssetsUtils.swift */; };
		8465FD8F2746A95700AF091E /* AttachmentUploadingStateView.swift in Sources */ = {isa = PBXBuildFile; fileRef = 8465FD192746A95600AF091E /* AttachmentUploadingStateView.swift */; };
		8465FD902746A95700AF091E /* ComposerHelperViews.swift in Sources */ = {isa = PBXBuildFile; fileRef = 8465FD1A2746A95600AF091E /* ComposerHelperViews.swift */; };
		8465FD912746A95700AF091E /* MessageComposerView.swift in Sources */ = {isa = PBXBuildFile; fileRef = 8465FD1B2746A95600AF091E /* MessageComposerView.swift */; };
		8465FD922746A95700AF091E /* AttachmentPickerView.swift in Sources */ = {isa = PBXBuildFile; fileRef = 8465FD1C2746A95600AF091E /* AttachmentPickerView.swift */; };
		8465FD932746A95700AF091E /* PhotoAttachmentPickerView.swift in Sources */ = {isa = PBXBuildFile; fileRef = 8465FD1D2746A95600AF091E /* PhotoAttachmentPickerView.swift */; };
		8465FD942746A95700AF091E /* AddedFileAttachmentsView.swift in Sources */ = {isa = PBXBuildFile; fileRef = 8465FD1E2746A95600AF091E /* AddedFileAttachmentsView.swift */; };
		8465FD952746A95700AF091E /* ReactionsOverlayContainer.swift in Sources */ = {isa = PBXBuildFile; fileRef = 8465FD202746A95600AF091E /* ReactionsOverlayContainer.swift */; };
		8465FD962746A95700AF091E /* ReactionsOverlayViewModel.swift in Sources */ = {isa = PBXBuildFile; fileRef = 8465FD212746A95600AF091E /* ReactionsOverlayViewModel.swift */; };
		8465FD972746A95700AF091E /* ReactionsView.swift in Sources */ = {isa = PBXBuildFile; fileRef = 8465FD222746A95600AF091E /* ReactionsView.swift */; };
		8465FD982746A95700AF091E /* ReactionsOverlayView.swift in Sources */ = {isa = PBXBuildFile; fileRef = 8465FD232746A95600AF091E /* ReactionsOverlayView.swift */; };
		8465FD992746A95700AF091E /* ReactionsBubbleView.swift in Sources */ = {isa = PBXBuildFile; fileRef = 8465FD242746A95600AF091E /* ReactionsBubbleView.swift */; };
		8465FD9A2746A95700AF091E /* ReactionsHelperViews.swift in Sources */ = {isa = PBXBuildFile; fileRef = 8465FD252746A95600AF091E /* ReactionsHelperViews.swift */; };
		8465FD9B2746A95700AF091E /* DefaultMessageActions.swift in Sources */ = {isa = PBXBuildFile; fileRef = 8465FD272746A95600AF091E /* DefaultMessageActions.swift */; };
		8465FD9C2746A95700AF091E /* MessageActionsView.swift in Sources */ = {isa = PBXBuildFile; fileRef = 8465FD282746A95600AF091E /* MessageActionsView.swift */; };
		8465FD9D2746A95700AF091E /* MessageActionsViewModel.swift in Sources */ = {isa = PBXBuildFile; fileRef = 8465FD292746A95600AF091E /* MessageActionsViewModel.swift */; };
		8465FD9E2746A95700AF091E /* ChatChannelHelpers.swift in Sources */ = {isa = PBXBuildFile; fileRef = 8465FD2B2746A95600AF091E /* ChatChannelHelpers.swift */; };
		8465FD9F2746A95700AF091E /* ChatChannelExtensions.swift in Sources */ = {isa = PBXBuildFile; fileRef = 8465FD2C2746A95600AF091E /* ChatChannelExtensions.swift */; };
		8465FDA02746A95700AF091E /* ChatChannelView.swift in Sources */ = {isa = PBXBuildFile; fileRef = 8465FD2D2746A95600AF091E /* ChatChannelView.swift */; };
		8465FDA12746A95700AF091E /* ChatChannelHeaderViewModifier.swift in Sources */ = {isa = PBXBuildFile; fileRef = 8465FD2F2746A95600AF091E /* ChatChannelHeaderViewModifier.swift */; };
		8465FDA22746A95700AF091E /* ChatChannelViewModel.swift in Sources */ = {isa = PBXBuildFile; fileRef = 8465FD302746A95600AF091E /* ChatChannelViewModel.swift */; };
		8465FDA32746A95700AF091E /* ViewExtensions.swift in Sources */ = {isa = PBXBuildFile; fileRef = 8465FD322746A95600AF091E /* ViewExtensions.swift */; };
		8465FDA42746A95700AF091E /* NukeImageLoader.swift in Sources */ = {isa = PBXBuildFile; fileRef = 8465FD332746A95600AF091E /* NukeImageLoader.swift */; };
		8465FDA52746A95700AF091E /* Modifiers.swift in Sources */ = {isa = PBXBuildFile; fileRef = 8465FD342746A95600AF091E /* Modifiers.swift */; };
		8465FDA62746A95700AF091E /* LazyView.swift in Sources */ = {isa = PBXBuildFile; fileRef = 8465FD352746A95600AF091E /* LazyView.swift */; };
		8465FDA72746A95700AF091E /* KeyboardHandling.swift in Sources */ = {isa = PBXBuildFile; fileRef = 8465FD362746A95600AF091E /* KeyboardHandling.swift */; };
		8465FDA82746A95700AF091E /* ImageLoading.swift in Sources */ = {isa = PBXBuildFile; fileRef = 8465FD372746A95600AF091E /* ImageLoading.swift */; };
		8465FDA92746A95700AF091E /* AutoLayoutHelpers.swift in Sources */ = {isa = PBXBuildFile; fileRef = 8465FD392746A95600AF091E /* AutoLayoutHelpers.swift */; };
		8465FDAA2746A95700AF091E /* DateFormatter+Extensions.swift in Sources */ = {isa = PBXBuildFile; fileRef = 8465FD3A2746A95600AF091E /* DateFormatter+Extensions.swift */; };
		8465FDAB2746A95700AF091E /* String+Extensions.swift in Sources */ = {isa = PBXBuildFile; fileRef = 8465FD3B2746A95600AF091E /* String+Extensions.swift */; };
		8465FDAC2746A95700AF091E /* UIFont+Extensions.swift in Sources */ = {isa = PBXBuildFile; fileRef = 8465FD3C2746A95600AF091E /* UIFont+Extensions.swift */; };
		8465FDAD2746A95700AF091E /* ImageCDN.swift in Sources */ = {isa = PBXBuildFile; fileRef = 8465FD3D2746A95600AF091E /* ImageCDN.swift */; };
		8465FDAE2746A95700AF091E /* UIColor+Extensions.swift in Sources */ = {isa = PBXBuildFile; fileRef = 8465FD3E2746A95600AF091E /* UIColor+Extensions.swift */; };
		8465FDAF2746A95700AF091E /* UIImage+Extensions.swift in Sources */ = {isa = PBXBuildFile; fileRef = 8465FD3F2746A95600AF091E /* UIImage+Extensions.swift */; };
		8465FDB02746A95700AF091E /* DateUtils.swift in Sources */ = {isa = PBXBuildFile; fileRef = 8465FD402746A95600AF091E /* DateUtils.swift */; };
		8465FDB12746A95700AF091E /* ChatChannelNamer.swift in Sources */ = {isa = PBXBuildFile; fileRef = 8465FD412746A95600AF091E /* ChatChannelNamer.swift */; };
		8465FDB22746A95700AF091E /* InputTextView.swift in Sources */ = {isa = PBXBuildFile; fileRef = 8465FD422746A95600AF091E /* InputTextView.swift */; };
		8465FDB32746A95700AF091E /* NSLayoutConstraint+Extensions.swift in Sources */ = {isa = PBXBuildFile; fileRef = 8465FD432746A95600AF091E /* NSLayoutConstraint+Extensions.swift */; };
		8465FDB42746A95700AF091E /* ChatMessage+Extensions.swift in Sources */ = {isa = PBXBuildFile; fileRef = 8465FD442746A95600AF091E /* ChatMessage+Extensions.swift */; };
		8465FDB52746A95700AF091E /* Cache.swift in Sources */ = {isa = PBXBuildFile; fileRef = 8465FD452746A95600AF091E /* Cache.swift */; };
		8465FDB62746A95700AF091E /* VideoPreviewLoader.swift in Sources */ = {isa = PBXBuildFile; fileRef = 8465FD462746A95600AF091E /* VideoPreviewLoader.swift */; };
		8465FDB72746A95700AF091E /* ChatMessageReactionAppeareance.swift in Sources */ = {isa = PBXBuildFile; fileRef = 8465FD472746A95600AF091E /* ChatMessageReactionAppeareance.swift */; };
		8465FDB82746A95700AF091E /* ImageMerger.swift in Sources */ = {isa = PBXBuildFile; fileRef = 8465FD482746A95600AF091E /* ImageMerger.swift */; };
		8465FDB92746A95700AF091E /* NukeImageProcessor.swift in Sources */ = {isa = PBXBuildFile; fileRef = 8465FD492746A95600AF091E /* NukeImageProcessor.swift */; };
		8465FDBA2746A95700AF091E /* BundleExtensions.swift in Sources */ = {isa = PBXBuildFile; fileRef = 8465FD4A2746A95600AF091E /* BundleExtensions.swift */; };
		8465FDBB2746A95700AF091E /* LoadingView.swift in Sources */ = {isa = PBXBuildFile; fileRef = 8465FD4B2746A95600AF091E /* LoadingView.swift */; };
		8465FDBC2746A95700AF091E /* ChannelAvatarsMerger.swift in Sources */ = {isa = PBXBuildFile; fileRef = 8465FD4D2746A95600AF091E /* ChannelAvatarsMerger.swift */; };
		8465FDBD2746A95700AF091E /* ChatChannelHelperViews.swift in Sources */ = {isa = PBXBuildFile; fileRef = 8465FD4E2746A95600AF091E /* ChatChannelHelperViews.swift */; };
		8465FDBE2746A95700AF091E /* MoreChannelActionsView.swift in Sources */ = {isa = PBXBuildFile; fileRef = 8465FD4F2746A95600AF091E /* MoreChannelActionsView.swift */; };
		8465FDBF2746A95700AF091E /* DefaultChannelActions.swift in Sources */ = {isa = PBXBuildFile; fileRef = 8465FD502746A95600AF091E /* DefaultChannelActions.swift */; };
		8465FDC02746A95700AF091E /* ChatChannelList.swift in Sources */ = {isa = PBXBuildFile; fileRef = 8465FD512746A95600AF091E /* ChatChannelList.swift */; };
		8465FDC12746A95700AF091E /* NoChannelsView.swift in Sources */ = {isa = PBXBuildFile; fileRef = 8465FD522746A95600AF091E /* NoChannelsView.swift */; };
		8465FDC22746A95700AF091E /* ChatChannelNavigatableListItem.swift in Sources */ = {isa = PBXBuildFile; fileRef = 8465FD532746A95600AF091E /* ChatChannelNavigatableListItem.swift */; };
		8465FDC32746A95700AF091E /* ChatChannelListHeader.swift in Sources */ = {isa = PBXBuildFile; fileRef = 8465FD542746A95700AF091E /* ChatChannelListHeader.swift */; };
		8465FDC42746A95700AF091E /* ChatChannelListScreen.swift in Sources */ = {isa = PBXBuildFile; fileRef = 8465FD552746A95700AF091E /* ChatChannelListScreen.swift */; };
		8465FDC52746A95700AF091E /* ChatChannelDeepLink.swift in Sources */ = {isa = PBXBuildFile; fileRef = 8465FD562746A95700AF091E /* ChatChannelDeepLink.swift */; };
		8465FDC62746A95700AF091E /* ChannelHeaderLoader.swift in Sources */ = {isa = PBXBuildFile; fileRef = 8465FD572746A95700AF091E /* ChannelHeaderLoader.swift */; };
		8465FDC72746A95700AF091E /* ChatChannelListViewModel.swift in Sources */ = {isa = PBXBuildFile; fileRef = 8465FD582746A95700AF091E /* ChatChannelListViewModel.swift */; };
		8465FDC82746A95700AF091E /* ChatChannelListItem.swift in Sources */ = {isa = PBXBuildFile; fileRef = 8465FD592746A95700AF091E /* ChatChannelListItem.swift */; };
		8465FDC92746A95700AF091E /* ChatChannelSwipeableListItem.swift in Sources */ = {isa = PBXBuildFile; fileRef = 8465FD5A2746A95700AF091E /* ChatChannelSwipeableListItem.swift */; };
		8465FDCA2746A95700AF091E /* MoreChannelActionsViewModel.swift in Sources */ = {isa = PBXBuildFile; fileRef = 8465FD5B2746A95700AF091E /* MoreChannelActionsViewModel.swift */; };
		8465FDCB2746A95700AF091E /* ChatChannelListView.swift in Sources */ = {isa = PBXBuildFile; fileRef = 8465FD5C2746A95700AF091E /* ChatChannelListView.swift */; };
		8465FDCC2746A95700AF091E /* README.md in Resources */ = {isa = PBXBuildFile; fileRef = 8465FD5D2746A95700AF091E /* README.md */; };
		8465FDCD2746A95700AF091E /* Fonts.swift in Sources */ = {isa = PBXBuildFile; fileRef = 8465FD5E2746A95700AF091E /* Fonts.swift */; };
		8465FDCE2746A95700AF091E /* InjectedValuesExtensions.swift in Sources */ = {isa = PBXBuildFile; fileRef = 8465FD5F2746A95700AF091E /* InjectedValuesExtensions.swift */; };
		8465FDD02746A95700AF091E /* DefaultViewFactory.swift in Sources */ = {isa = PBXBuildFile; fileRef = 8465FD612746A95700AF091E /* DefaultViewFactory.swift */; };
		8465FDD12746A95700AF091E /* Images.swift in Sources */ = {isa = PBXBuildFile; fileRef = 8465FD622746A95700AF091E /* Images.swift */; };
		8465FDD22746A95800AF091E /* Utils.swift in Sources */ = {isa = PBXBuildFile; fileRef = 8465FD632746A95700AF091E /* Utils.swift */; };
		8465FDD32746A95800AF091E /* ColorPalette.swift in Sources */ = {isa = PBXBuildFile; fileRef = 8465FD642746A95700AF091E /* ColorPalette.swift */; };
		8465FDD72746A95800AF091E /* Appearance.swift in Sources */ = {isa = PBXBuildFile; fileRef = 8465FD692746A95700AF091E /* Appearance.swift */; };
		8465FDD82746AA2700AF091E /* StreamChatSwiftUI.h in Headers */ = {isa = PBXBuildFile; fileRef = 8465FD602746A95700AF091E /* StreamChatSwiftUI.h */; settings = {ATTRIBUTES = (Public, ); }; };
		8465FDDD2747A14700AF091E /* CustomComposerAttachmentView.swift in Sources */ = {isa = PBXBuildFile; fileRef = 8465FDDC2747A14700AF091E /* CustomComposerAttachmentView.swift */; };
		84B288CD274C544B00DD090B /* CreateGroupView.swift in Sources */ = {isa = PBXBuildFile; fileRef = 84B288CC274C544B00DD090B /* CreateGroupView.swift */; };
		84B288CF274C545900DD090B /* CreateGroupViewModel.swift in Sources */ = {isa = PBXBuildFile; fileRef = 84B288CE274C545900DD090B /* CreateGroupViewModel.swift */; };
		84B288D1274CEDD000DD090B /* GroupNameView.swift in Sources */ = {isa = PBXBuildFile; fileRef = 84B288D0274CEDD000DD090B /* GroupNameView.swift */; };
/* End PBXBuildFile section */

/* Begin PBXContainerItemProxy section */
		8465FBBF2746873A00AF091E /* PBXContainerItemProxy */ = {
			isa = PBXContainerItemProxy;
			containerPortal = 8465FBAC2746873A00AF091E /* Project object */;
			proxyType = 1;
			remoteGlobalIDString = 8465FBB42746873A00AF091E;
			remoteInfo = StreamChatSwiftUI;
		};
		8465FCE8274695B400AF091E /* PBXContainerItemProxy */ = {
			isa = PBXContainerItemProxy;
			containerPortal = 8465FBAC2746873A00AF091E /* Project object */;
			proxyType = 1;
			remoteGlobalIDString = 8465FBB42746873A00AF091E;
			remoteInfo = StreamChatSwiftUI;
		};
/* End PBXContainerItemProxy section */

/* Begin PBXCopyFilesBuildPhase section */
		8465FCEA274695B400AF091E /* Embed Frameworks */ = {
			isa = PBXCopyFilesBuildPhase;
			buildActionMask = 2147483647;
			dstPath = "";
			dstSubfolderSpec = 10;
			files = (
				8465FCE7274695B400AF091E /* StreamChatSwiftUI.framework in Embed Frameworks */,
			);
			name = "Embed Frameworks";
			runOnlyForDeploymentPostprocessing = 0;
		};
/* End PBXCopyFilesBuildPhase section */

/* Begin PBXFileReference section */
		4A65451E274BA170003C5FA8 /* README.md */ = {isa = PBXFileReference; lastKnownFileType = net.daringfireball.markdown; path = README.md; sourceTree = "<group>"; };
		84335013274BAB15007A1B81 /* ViewFactoryExamples.swift */ = {isa = PBXFileReference; lastKnownFileType = sourcecode.swift; path = ViewFactoryExamples.swift; sourceTree = "<group>"; };
		84335015274BABF3007A1B81 /* NewChatView.swift */ = {isa = PBXFileReference; lastKnownFileType = sourcecode.swift; path = NewChatView.swift; sourceTree = "<group>"; };
		84335017274BAD4B007A1B81 /* NewChatViewModel.swift */ = {isa = PBXFileReference; lastKnownFileType = sourcecode.swift; path = NewChatViewModel.swift; sourceTree = "<group>"; };
		8465FBB52746873A00AF091E /* StreamChatSwiftUI.framework */ = {isa = PBXFileReference; explicitFileType = wrapper.framework; includeInIndex = 0; path = StreamChatSwiftUI.framework; sourceTree = BUILT_PRODUCTS_DIR; };
		8465FBBD2746873A00AF091E /* StreamChatSwiftUITests.xctest */ = {isa = PBXFileReference; explicitFileType = wrapper.cfbundle; includeInIndex = 0; path = StreamChatSwiftUITests.xctest; sourceTree = BUILT_PRODUCTS_DIR; };
		8465FBC22746873A00AF091E /* StreamChatSwiftUITests.swift */ = {isa = PBXFileReference; lastKnownFileType = sourcecode.swift; path = StreamChatSwiftUITests.swift; sourceTree = "<group>"; };
		8465FCBC27468B6900AF091E /* DemoAppSwiftUI.app */ = {isa = PBXFileReference; explicitFileType = wrapper.application; includeInIndex = 0; path = DemoAppSwiftUI.app; sourceTree = BUILT_PRODUCTS_DIR; };
		8465FCBE27468B6900AF091E /* DemoAppSwiftUIApp.swift */ = {isa = PBXFileReference; lastKnownFileType = sourcecode.swift; path = DemoAppSwiftUIApp.swift; sourceTree = "<group>"; };
		8465FCC027468B6900AF091E /* ContentView.swift */ = {isa = PBXFileReference; lastKnownFileType = sourcecode.swift; path = ContentView.swift; sourceTree = "<group>"; };
		8465FCC227468B6A00AF091E /* Assets.xcassets */ = {isa = PBXFileReference; lastKnownFileType = folder.assetcatalog; path = Assets.xcassets; sourceTree = "<group>"; };
		8465FCC527468B6A00AF091E /* Preview Assets.xcassets */ = {isa = PBXFileReference; lastKnownFileType = folder.assetcatalog; path = "Preview Assets.xcassets"; sourceTree = "<group>"; };
		8465FCCA27468B7500AF091E /* Info.plist */ = {isa = PBXFileReference; lastKnownFileType = text.plist; path = Info.plist; sourceTree = "<group>"; };
		8465FCD1274694D200AF091E /* LaunchScreen.swift */ = {isa = PBXFileReference; fileEncoding = 4; lastKnownFileType = sourcecode.swift; path = LaunchScreen.swift; sourceTree = "<group>"; };
		8465FCD2274694D200AF091E /* LaunchAnimationState.swift */ = {isa = PBXFileReference; fileEncoding = 4; lastKnownFileType = sourcecode.swift; path = LaunchAnimationState.swift; sourceTree = "<group>"; };
		8465FCD3274694D200AF091E /* AppDelegate.swift */ = {isa = PBXFileReference; fileEncoding = 4; lastKnownFileType = sourcecode.swift; path = AppDelegate.swift; sourceTree = "<group>"; };
		8465FCD4274694D200AF091E /* DemoUser.swift */ = {isa = PBXFileReference; fileEncoding = 4; lastKnownFileType = sourcecode.swift; path = DemoUser.swift; sourceTree = "<group>"; };
		8465FCD5274694D200AF091E /* SceneDelegate.swift */ = {isa = PBXFileReference; fileEncoding = 4; lastKnownFileType = sourcecode.swift; path = SceneDelegate.swift; sourceTree = "<group>"; };
		8465FCD6274694D200AF091E /* CustomAttachment.swift */ = {isa = PBXFileReference; fileEncoding = 4; lastKnownFileType = sourcecode.swift; path = CustomAttachment.swift; sourceTree = "<group>"; };
		8465FCD7274694D200AF091E /* CustomChannelHeader.swift */ = {isa = PBXFileReference; fileEncoding = 4; lastKnownFileType = sourcecode.swift; path = CustomChannelHeader.swift; sourceTree = "<group>"; };
		8465FCED2746A95600AF091E /* L10n.swift */ = {isa = PBXFileReference; fileEncoding = 4; lastKnownFileType = sourcecode.swift; path = L10n.swift; sourceTree = "<group>"; };
		8465FCEE2746A95600AF091E /* L10n_template.stencil */ = {isa = PBXFileReference; fileEncoding = 4; lastKnownFileType = text; path = L10n_template.stencil; sourceTree = "<group>"; };
		8465FCF02746A95600AF091E /* ViewModelsFactory.swift */ = {isa = PBXFileReference; fileEncoding = 4; lastKnownFileType = sourcecode.swift; path = ViewModelsFactory.swift; sourceTree = "<group>"; };
		8465FCF12746A95600AF091E /* DependencyInjection.swift */ = {isa = PBXFileReference; fileEncoding = 4; lastKnownFileType = sourcecode.swift; path = DependencyInjection.swift; sourceTree = "<group>"; };
		8465FCF22746A95600AF091E /* StreamChat.swift */ = {isa = PBXFileReference; fileEncoding = 4; lastKnownFileType = sourcecode.swift; path = StreamChat.swift; sourceTree = "<group>"; };
		8465FCF52746A95600AF091E /* en */ = {isa = PBXFileReference; lastKnownFileType = text.plist.strings; name = en; path = en.lproj/Localizable.strings; sourceTree = "<group>"; };
		8465FCF72746A95600AF091E /* en */ = {isa = PBXFileReference; lastKnownFileType = text.plist.stringsdict; name = en; path = en.lproj/Localizable.stringsdict; sourceTree = "<group>"; };
		8465FCF82746A95600AF091E /* Assets.xcassets */ = {isa = PBXFileReference; lastKnownFileType = folder.assetcatalog; path = Assets.xcassets; sourceTree = "<group>"; };
		8465FCFA2746A95600AF091E /* ActionItemView.swift */ = {isa = PBXFileReference; fileEncoding = 4; lastKnownFileType = sourcecode.swift; path = ActionItemView.swift; sourceTree = "<group>"; };
		8465FCFB2746A95600AF091E /* ViewFactory.swift */ = {isa = PBXFileReference; fileEncoding = 4; lastKnownFileType = sourcecode.swift; path = ViewFactory.swift; sourceTree = "<group>"; };
		8465FCFE2746A95600AF091E /* ImageAttachmentView.swift */ = {isa = PBXFileReference; fileEncoding = 4; lastKnownFileType = sourcecode.swift; path = ImageAttachmentView.swift; sourceTree = "<group>"; };
		8465FCFF2746A95600AF091E /* MessageListView.swift */ = {isa = PBXFileReference; fileEncoding = 4; lastKnownFileType = sourcecode.swift; path = MessageListView.swift; sourceTree = "<group>"; };
		8465FD002746A95600AF091E /* FileAttachmentPreview.swift */ = {isa = PBXFileReference; fileEncoding = 4; lastKnownFileType = sourcecode.swift; path = FileAttachmentPreview.swift; sourceTree = "<group>"; };
		8465FD012746A95600AF091E /* FileAttachmentView.swift */ = {isa = PBXFileReference; fileEncoding = 4; lastKnownFileType = sourcecode.swift; path = FileAttachmentView.swift; sourceTree = "<group>"; };
		8465FD022746A95600AF091E /* DeletedMessageView.swift */ = {isa = PBXFileReference; fileEncoding = 4; lastKnownFileType = sourcecode.swift; path = DeletedMessageView.swift; sourceTree = "<group>"; };
		8465FD032746A95600AF091E /* VideoPlayerView.swift */ = {isa = PBXFileReference; fileEncoding = 4; lastKnownFileType = sourcecode.swift; path = VideoPlayerView.swift; sourceTree = "<group>"; };
		8465FD042746A95600AF091E /* GiphyBadgeView.swift */ = {isa = PBXFileReference; fileEncoding = 4; lastKnownFileType = sourcecode.swift; path = GiphyBadgeView.swift; sourceTree = "<group>"; };
		8465FD052746A95600AF091E /* MessageContainerView.swift */ = {isa = PBXFileReference; fileEncoding = 4; lastKnownFileType = sourcecode.swift; path = MessageContainerView.swift; sourceTree = "<group>"; };
		8465FD062746A95600AF091E /* MessageBubble.swift */ = {isa = PBXFileReference; fileEncoding = 4; lastKnownFileType = sourcecode.swift; path = MessageBubble.swift; sourceTree = "<group>"; };
		8465FD072746A95600AF091E /* VideoAttachmentView.swift */ = {isa = PBXFileReference; fileEncoding = 4; lastKnownFileType = sourcecode.swift; path = VideoAttachmentView.swift; sourceTree = "<group>"; };
		8465FD082746A95600AF091E /* MessageTypeResolver.swift */ = {isa = PBXFileReference; fileEncoding = 4; lastKnownFileType = sourcecode.swift; path = MessageTypeResolver.swift; sourceTree = "<group>"; };
		8465FD092746A95600AF091E /* WebView.swift */ = {isa = PBXFileReference; fileEncoding = 4; lastKnownFileType = sourcecode.swift; path = WebView.swift; sourceTree = "<group>"; };
		8465FD0A2746A95600AF091E /* SystemMessageView.swift */ = {isa = PBXFileReference; fileEncoding = 4; lastKnownFileType = sourcecode.swift; path = SystemMessageView.swift; sourceTree = "<group>"; };
		8465FD0B2746A95600AF091E /* LinkTextView.swift */ = {isa = PBXFileReference; fileEncoding = 4; lastKnownFileType = sourcecode.swift; path = LinkTextView.swift; sourceTree = "<group>"; };
		8465FD0C2746A95600AF091E /* LinkAttachmentView.swift */ = {isa = PBXFileReference; fileEncoding = 4; lastKnownFileType = sourcecode.swift; path = LinkAttachmentView.swift; sourceTree = "<group>"; };
		8465FD0D2746A95600AF091E /* MessageAvatarView.swift */ = {isa = PBXFileReference; fileEncoding = 4; lastKnownFileType = sourcecode.swift; path = MessageAvatarView.swift; sourceTree = "<group>"; };
		8465FD0E2746A95600AF091E /* MessageView.swift */ = {isa = PBXFileReference; fileEncoding = 4; lastKnownFileType = sourcecode.swift; path = MessageView.swift; sourceTree = "<group>"; };
		8465FD102746A95600AF091E /* MessageComposerViewModel.swift */ = {isa = PBXFileReference; fileEncoding = 4; lastKnownFileType = sourcecode.swift; path = MessageComposerViewModel.swift; sourceTree = "<group>"; };
		8465FD112746A95600AF091E /* AttachmentPickerTypeView.swift */ = {isa = PBXFileReference; fileEncoding = 4; lastKnownFileType = sourcecode.swift; path = AttachmentPickerTypeView.swift; sourceTree = "<group>"; };
		8465FD122746A95600AF091E /* SendMessageButton.swift */ = {isa = PBXFileReference; fileEncoding = 4; lastKnownFileType = sourcecode.swift; path = SendMessageButton.swift; sourceTree = "<group>"; };
		8465FD132746A95600AF091E /* ComposerTextInputView.swift */ = {isa = PBXFileReference; fileEncoding = 4; lastKnownFileType = sourcecode.swift; path = ComposerTextInputView.swift; sourceTree = "<group>"; };
		8465FD142746A95600AF091E /* DiscardAttachmentButton.swift */ = {isa = PBXFileReference; fileEncoding = 4; lastKnownFileType = sourcecode.swift; path = DiscardAttachmentButton.swift; sourceTree = "<group>"; };
		8465FD152746A95600AF091E /* FilePickerView.swift */ = {isa = PBXFileReference; fileEncoding = 4; lastKnownFileType = sourcecode.swift; path = FilePickerView.swift; sourceTree = "<group>"; };
		8465FD162746A95600AF091E /* ImagePickerView.swift */ = {isa = PBXFileReference; fileEncoding = 4; lastKnownFileType = sourcecode.swift; path = ImagePickerView.swift; sourceTree = "<group>"; };
		8465FD172746A95600AF091E /* AddedImageAttachmentsView.swift */ = {isa = PBXFileReference; fileEncoding = 4; lastKnownFileType = sourcecode.swift; path = AddedImageAttachmentsView.swift; sourceTree = "<group>"; };
		8465FD182746A95600AF091E /* PhotoAssetsUtils.swift */ = {isa = PBXFileReference; fileEncoding = 4; lastKnownFileType = sourcecode.swift; path = PhotoAssetsUtils.swift; sourceTree = "<group>"; };
		8465FD192746A95600AF091E /* AttachmentUploadingStateView.swift */ = {isa = PBXFileReference; fileEncoding = 4; lastKnownFileType = sourcecode.swift; path = AttachmentUploadingStateView.swift; sourceTree = "<group>"; };
		8465FD1A2746A95600AF091E /* ComposerHelperViews.swift */ = {isa = PBXFileReference; fileEncoding = 4; lastKnownFileType = sourcecode.swift; path = ComposerHelperViews.swift; sourceTree = "<group>"; };
		8465FD1B2746A95600AF091E /* MessageComposerView.swift */ = {isa = PBXFileReference; fileEncoding = 4; lastKnownFileType = sourcecode.swift; path = MessageComposerView.swift; sourceTree = "<group>"; };
		8465FD1C2746A95600AF091E /* AttachmentPickerView.swift */ = {isa = PBXFileReference; fileEncoding = 4; lastKnownFileType = sourcecode.swift; path = AttachmentPickerView.swift; sourceTree = "<group>"; };
		8465FD1D2746A95600AF091E /* PhotoAttachmentPickerView.swift */ = {isa = PBXFileReference; fileEncoding = 4; lastKnownFileType = sourcecode.swift; path = PhotoAttachmentPickerView.swift; sourceTree = "<group>"; };
		8465FD1E2746A95600AF091E /* AddedFileAttachmentsView.swift */ = {isa = PBXFileReference; fileEncoding = 4; lastKnownFileType = sourcecode.swift; path = AddedFileAttachmentsView.swift; sourceTree = "<group>"; };
		8465FD202746A95600AF091E /* ReactionsOverlayContainer.swift */ = {isa = PBXFileReference; fileEncoding = 4; lastKnownFileType = sourcecode.swift; path = ReactionsOverlayContainer.swift; sourceTree = "<group>"; };
		8465FD212746A95600AF091E /* ReactionsOverlayViewModel.swift */ = {isa = PBXFileReference; fileEncoding = 4; lastKnownFileType = sourcecode.swift; path = ReactionsOverlayViewModel.swift; sourceTree = "<group>"; };
		8465FD222746A95600AF091E /* ReactionsView.swift */ = {isa = PBXFileReference; fileEncoding = 4; lastKnownFileType = sourcecode.swift; path = ReactionsView.swift; sourceTree = "<group>"; };
		8465FD232746A95600AF091E /* ReactionsOverlayView.swift */ = {isa = PBXFileReference; fileEncoding = 4; lastKnownFileType = sourcecode.swift; path = ReactionsOverlayView.swift; sourceTree = "<group>"; };
		8465FD242746A95600AF091E /* ReactionsBubbleView.swift */ = {isa = PBXFileReference; fileEncoding = 4; lastKnownFileType = sourcecode.swift; path = ReactionsBubbleView.swift; sourceTree = "<group>"; };
		8465FD252746A95600AF091E /* ReactionsHelperViews.swift */ = {isa = PBXFileReference; fileEncoding = 4; lastKnownFileType = sourcecode.swift; path = ReactionsHelperViews.swift; sourceTree = "<group>"; };
		8465FD272746A95600AF091E /* DefaultMessageActions.swift */ = {isa = PBXFileReference; fileEncoding = 4; lastKnownFileType = sourcecode.swift; path = DefaultMessageActions.swift; sourceTree = "<group>"; };
		8465FD282746A95600AF091E /* MessageActionsView.swift */ = {isa = PBXFileReference; fileEncoding = 4; lastKnownFileType = sourcecode.swift; path = MessageActionsView.swift; sourceTree = "<group>"; };
		8465FD292746A95600AF091E /* MessageActionsViewModel.swift */ = {isa = PBXFileReference; fileEncoding = 4; lastKnownFileType = sourcecode.swift; path = MessageActionsViewModel.swift; sourceTree = "<group>"; };
		8465FD2B2746A95600AF091E /* ChatChannelHelpers.swift */ = {isa = PBXFileReference; fileEncoding = 4; lastKnownFileType = sourcecode.swift; path = ChatChannelHelpers.swift; sourceTree = "<group>"; };
		8465FD2C2746A95600AF091E /* ChatChannelExtensions.swift */ = {isa = PBXFileReference; fileEncoding = 4; lastKnownFileType = sourcecode.swift; path = ChatChannelExtensions.swift; sourceTree = "<group>"; };
		8465FD2D2746A95600AF091E /* ChatChannelView.swift */ = {isa = PBXFileReference; fileEncoding = 4; lastKnownFileType = sourcecode.swift; path = ChatChannelView.swift; sourceTree = "<group>"; };
		8465FD2F2746A95600AF091E /* ChatChannelHeaderViewModifier.swift */ = {isa = PBXFileReference; fileEncoding = 4; lastKnownFileType = sourcecode.swift; path = ChatChannelHeaderViewModifier.swift; sourceTree = "<group>"; };
		8465FD302746A95600AF091E /* ChatChannelViewModel.swift */ = {isa = PBXFileReference; fileEncoding = 4; lastKnownFileType = sourcecode.swift; path = ChatChannelViewModel.swift; sourceTree = "<group>"; };
		8465FD322746A95600AF091E /* ViewExtensions.swift */ = {isa = PBXFileReference; fileEncoding = 4; lastKnownFileType = sourcecode.swift; path = ViewExtensions.swift; sourceTree = "<group>"; };
		8465FD332746A95600AF091E /* NukeImageLoader.swift */ = {isa = PBXFileReference; fileEncoding = 4; lastKnownFileType = sourcecode.swift; path = NukeImageLoader.swift; sourceTree = "<group>"; };
		8465FD342746A95600AF091E /* Modifiers.swift */ = {isa = PBXFileReference; fileEncoding = 4; lastKnownFileType = sourcecode.swift; path = Modifiers.swift; sourceTree = "<group>"; };
		8465FD352746A95600AF091E /* LazyView.swift */ = {isa = PBXFileReference; fileEncoding = 4; lastKnownFileType = sourcecode.swift; path = LazyView.swift; sourceTree = "<group>"; };
		8465FD362746A95600AF091E /* KeyboardHandling.swift */ = {isa = PBXFileReference; fileEncoding = 4; lastKnownFileType = sourcecode.swift; path = KeyboardHandling.swift; sourceTree = "<group>"; };
		8465FD372746A95600AF091E /* ImageLoading.swift */ = {isa = PBXFileReference; fileEncoding = 4; lastKnownFileType = sourcecode.swift; path = ImageLoading.swift; sourceTree = "<group>"; };
		8465FD392746A95600AF091E /* AutoLayoutHelpers.swift */ = {isa = PBXFileReference; fileEncoding = 4; lastKnownFileType = sourcecode.swift; path = AutoLayoutHelpers.swift; sourceTree = "<group>"; };
		8465FD3A2746A95600AF091E /* DateFormatter+Extensions.swift */ = {isa = PBXFileReference; fileEncoding = 4; lastKnownFileType = sourcecode.swift; path = "DateFormatter+Extensions.swift"; sourceTree = "<group>"; };
		8465FD3B2746A95600AF091E /* String+Extensions.swift */ = {isa = PBXFileReference; fileEncoding = 4; lastKnownFileType = sourcecode.swift; path = "String+Extensions.swift"; sourceTree = "<group>"; };
		8465FD3C2746A95600AF091E /* UIFont+Extensions.swift */ = {isa = PBXFileReference; fileEncoding = 4; lastKnownFileType = sourcecode.swift; path = "UIFont+Extensions.swift"; sourceTree = "<group>"; };
		8465FD3D2746A95600AF091E /* ImageCDN.swift */ = {isa = PBXFileReference; fileEncoding = 4; lastKnownFileType = sourcecode.swift; path = ImageCDN.swift; sourceTree = "<group>"; };
		8465FD3E2746A95600AF091E /* UIColor+Extensions.swift */ = {isa = PBXFileReference; fileEncoding = 4; lastKnownFileType = sourcecode.swift; path = "UIColor+Extensions.swift"; sourceTree = "<group>"; };
		8465FD3F2746A95600AF091E /* UIImage+Extensions.swift */ = {isa = PBXFileReference; fileEncoding = 4; lastKnownFileType = sourcecode.swift; path = "UIImage+Extensions.swift"; sourceTree = "<group>"; };
		8465FD402746A95600AF091E /* DateUtils.swift */ = {isa = PBXFileReference; fileEncoding = 4; lastKnownFileType = sourcecode.swift; path = DateUtils.swift; sourceTree = "<group>"; };
		8465FD412746A95600AF091E /* ChatChannelNamer.swift */ = {isa = PBXFileReference; fileEncoding = 4; lastKnownFileType = sourcecode.swift; path = ChatChannelNamer.swift; sourceTree = "<group>"; };
		8465FD422746A95600AF091E /* InputTextView.swift */ = {isa = PBXFileReference; fileEncoding = 4; lastKnownFileType = sourcecode.swift; path = InputTextView.swift; sourceTree = "<group>"; };
		8465FD432746A95600AF091E /* NSLayoutConstraint+Extensions.swift */ = {isa = PBXFileReference; fileEncoding = 4; lastKnownFileType = sourcecode.swift; path = "NSLayoutConstraint+Extensions.swift"; sourceTree = "<group>"; };
		8465FD442746A95600AF091E /* ChatMessage+Extensions.swift */ = {isa = PBXFileReference; fileEncoding = 4; lastKnownFileType = sourcecode.swift; path = "ChatMessage+Extensions.swift"; sourceTree = "<group>"; };
		8465FD452746A95600AF091E /* Cache.swift */ = {isa = PBXFileReference; fileEncoding = 4; lastKnownFileType = sourcecode.swift; path = Cache.swift; sourceTree = "<group>"; };
		8465FD462746A95600AF091E /* VideoPreviewLoader.swift */ = {isa = PBXFileReference; fileEncoding = 4; lastKnownFileType = sourcecode.swift; path = VideoPreviewLoader.swift; sourceTree = "<group>"; };
		8465FD472746A95600AF091E /* ChatMessageReactionAppeareance.swift */ = {isa = PBXFileReference; fileEncoding = 4; lastKnownFileType = sourcecode.swift; path = ChatMessageReactionAppeareance.swift; sourceTree = "<group>"; };
		8465FD482746A95600AF091E /* ImageMerger.swift */ = {isa = PBXFileReference; fileEncoding = 4; lastKnownFileType = sourcecode.swift; path = ImageMerger.swift; sourceTree = "<group>"; };
		8465FD492746A95600AF091E /* NukeImageProcessor.swift */ = {isa = PBXFileReference; fileEncoding = 4; lastKnownFileType = sourcecode.swift; path = NukeImageProcessor.swift; sourceTree = "<group>"; };
		8465FD4A2746A95600AF091E /* BundleExtensions.swift */ = {isa = PBXFileReference; fileEncoding = 4; lastKnownFileType = sourcecode.swift; path = BundleExtensions.swift; sourceTree = "<group>"; };
		8465FD4B2746A95600AF091E /* LoadingView.swift */ = {isa = PBXFileReference; fileEncoding = 4; lastKnownFileType = sourcecode.swift; path = LoadingView.swift; sourceTree = "<group>"; };
		8465FD4D2746A95600AF091E /* ChannelAvatarsMerger.swift */ = {isa = PBXFileReference; fileEncoding = 4; lastKnownFileType = sourcecode.swift; path = ChannelAvatarsMerger.swift; sourceTree = "<group>"; };
		8465FD4E2746A95600AF091E /* ChatChannelHelperViews.swift */ = {isa = PBXFileReference; fileEncoding = 4; lastKnownFileType = sourcecode.swift; path = ChatChannelHelperViews.swift; sourceTree = "<group>"; };
		8465FD4F2746A95600AF091E /* MoreChannelActionsView.swift */ = {isa = PBXFileReference; fileEncoding = 4; lastKnownFileType = sourcecode.swift; path = MoreChannelActionsView.swift; sourceTree = "<group>"; };
		8465FD502746A95600AF091E /* DefaultChannelActions.swift */ = {isa = PBXFileReference; fileEncoding = 4; lastKnownFileType = sourcecode.swift; path = DefaultChannelActions.swift; sourceTree = "<group>"; };
		8465FD512746A95600AF091E /* ChatChannelList.swift */ = {isa = PBXFileReference; fileEncoding = 4; lastKnownFileType = sourcecode.swift; path = ChatChannelList.swift; sourceTree = "<group>"; };
		8465FD522746A95600AF091E /* NoChannelsView.swift */ = {isa = PBXFileReference; fileEncoding = 4; lastKnownFileType = sourcecode.swift; path = NoChannelsView.swift; sourceTree = "<group>"; };
		8465FD532746A95600AF091E /* ChatChannelNavigatableListItem.swift */ = {isa = PBXFileReference; fileEncoding = 4; lastKnownFileType = sourcecode.swift; path = ChatChannelNavigatableListItem.swift; sourceTree = "<group>"; };
		8465FD542746A95700AF091E /* ChatChannelListHeader.swift */ = {isa = PBXFileReference; fileEncoding = 4; lastKnownFileType = sourcecode.swift; path = ChatChannelListHeader.swift; sourceTree = "<group>"; };
		8465FD552746A95700AF091E /* ChatChannelListScreen.swift */ = {isa = PBXFileReference; fileEncoding = 4; lastKnownFileType = sourcecode.swift; path = ChatChannelListScreen.swift; sourceTree = "<group>"; };
		8465FD562746A95700AF091E /* ChatChannelDeepLink.swift */ = {isa = PBXFileReference; fileEncoding = 4; lastKnownFileType = sourcecode.swift; path = ChatChannelDeepLink.swift; sourceTree = "<group>"; };
		8465FD572746A95700AF091E /* ChannelHeaderLoader.swift */ = {isa = PBXFileReference; fileEncoding = 4; lastKnownFileType = sourcecode.swift; path = ChannelHeaderLoader.swift; sourceTree = "<group>"; };
		8465FD582746A95700AF091E /* ChatChannelListViewModel.swift */ = {isa = PBXFileReference; fileEncoding = 4; lastKnownFileType = sourcecode.swift; path = ChatChannelListViewModel.swift; sourceTree = "<group>"; };
		8465FD592746A95700AF091E /* ChatChannelListItem.swift */ = {isa = PBXFileReference; fileEncoding = 4; lastKnownFileType = sourcecode.swift; path = ChatChannelListItem.swift; sourceTree = "<group>"; };
		8465FD5A2746A95700AF091E /* ChatChannelSwipeableListItem.swift */ = {isa = PBXFileReference; fileEncoding = 4; lastKnownFileType = sourcecode.swift; path = ChatChannelSwipeableListItem.swift; sourceTree = "<group>"; };
		8465FD5B2746A95700AF091E /* MoreChannelActionsViewModel.swift */ = {isa = PBXFileReference; fileEncoding = 4; lastKnownFileType = sourcecode.swift; path = MoreChannelActionsViewModel.swift; sourceTree = "<group>"; };
		8465FD5C2746A95700AF091E /* ChatChannelListView.swift */ = {isa = PBXFileReference; fileEncoding = 4; lastKnownFileType = sourcecode.swift; path = ChatChannelListView.swift; sourceTree = "<group>"; };
		8465FD5D2746A95700AF091E /* README.md */ = {isa = PBXFileReference; fileEncoding = 4; lastKnownFileType = net.daringfireball.markdown; path = README.md; sourceTree = "<group>"; };
		8465FD5E2746A95700AF091E /* Fonts.swift */ = {isa = PBXFileReference; fileEncoding = 4; lastKnownFileType = sourcecode.swift; path = Fonts.swift; sourceTree = "<group>"; };
		8465FD5F2746A95700AF091E /* InjectedValuesExtensions.swift */ = {isa = PBXFileReference; fileEncoding = 4; lastKnownFileType = sourcecode.swift; path = InjectedValuesExtensions.swift; sourceTree = "<group>"; };
		8465FD602746A95700AF091E /* StreamChatSwiftUI.h */ = {isa = PBXFileReference; fileEncoding = 4; lastKnownFileType = sourcecode.c.h; path = StreamChatSwiftUI.h; sourceTree = "<group>"; };
		8465FD612746A95700AF091E /* DefaultViewFactory.swift */ = {isa = PBXFileReference; fileEncoding = 4; lastKnownFileType = sourcecode.swift; path = DefaultViewFactory.swift; sourceTree = "<group>"; };
		8465FD622746A95700AF091E /* Images.swift */ = {isa = PBXFileReference; fileEncoding = 4; lastKnownFileType = sourcecode.swift; path = Images.swift; sourceTree = "<group>"; };
		8465FD632746A95700AF091E /* Utils.swift */ = {isa = PBXFileReference; fileEncoding = 4; lastKnownFileType = sourcecode.swift; path = Utils.swift; sourceTree = "<group>"; };
		8465FD642746A95700AF091E /* ColorPalette.swift */ = {isa = PBXFileReference; fileEncoding = 4; lastKnownFileType = sourcecode.swift; path = ColorPalette.swift; sourceTree = "<group>"; };
		8465FD682746A95700AF091E /* Info.plist */ = {isa = PBXFileReference; fileEncoding = 4; lastKnownFileType = text.plist.xml; path = Info.plist; sourceTree = "<group>"; };
		8465FD692746A95700AF091E /* Appearance.swift */ = {isa = PBXFileReference; fileEncoding = 4; lastKnownFileType = sourcecode.swift; path = Appearance.swift; sourceTree = "<group>"; };
		8465FDDC2747A14700AF091E /* CustomComposerAttachmentView.swift */ = {isa = PBXFileReference; lastKnownFileType = sourcecode.swift; path = CustomComposerAttachmentView.swift; sourceTree = "<group>"; };
		84B288CC274C544B00DD090B /* CreateGroupView.swift */ = {isa = PBXFileReference; lastKnownFileType = sourcecode.swift; path = CreateGroupView.swift; sourceTree = "<group>"; };
		84B288CE274C545900DD090B /* CreateGroupViewModel.swift */ = {isa = PBXFileReference; lastKnownFileType = sourcecode.swift; path = CreateGroupViewModel.swift; sourceTree = "<group>"; };
		84B288D0274CEDD000DD090B /* GroupNameView.swift */ = {isa = PBXFileReference; lastKnownFileType = sourcecode.swift; path = GroupNameView.swift; sourceTree = "<group>"; };
/* End PBXFileReference section */

/* Begin PBXFrameworksBuildPhase section */
		8465FBB22746873A00AF091E /* Frameworks */ = {
			isa = PBXFrameworksBuildPhase;
			buildActionMask = 2147483647;
			files = (
				8465FCB427468A8D00AF091E /* StreamChat in Frameworks */,
				8465FCB727468B0600AF091E /* NukeUI in Frameworks */,
			);
			runOnlyForDeploymentPostprocessing = 0;
		};
		8465FBBA2746873A00AF091E /* Frameworks */ = {
			isa = PBXFrameworksBuildPhase;
			buildActionMask = 2147483647;
			files = (
				8465FBBE2746873A00AF091E /* StreamChatSwiftUI.framework in Frameworks */,
			);
			runOnlyForDeploymentPostprocessing = 0;
		};
		8465FCB927468B6900AF091E /* Frameworks */ = {
			isa = PBXFrameworksBuildPhase;
			buildActionMask = 2147483647;
			files = (
				8465FCE6274695B400AF091E /* StreamChatSwiftUI.framework in Frameworks */,
			);
			runOnlyForDeploymentPostprocessing = 0;
		};
/* End PBXFrameworksBuildPhase section */

/* Begin PBXGroup section */
		8465FBAB2746873A00AF091E = {
			isa = PBXGroup;
			children = (
				4A65451E274BA170003C5FA8 /* README.md */,
				8465FBB72746873A00AF091E /* Sources */,
				8465FBC12746873A00AF091E /* StreamChatSwiftUITests */,
				8465FCBD27468B6900AF091E /* DemoAppSwiftUI */,
				8465FBB62746873A00AF091E /* Products */,
				8465FCE5274695B400AF091E /* Frameworks */,
			);
			sourceTree = "<group>";
		};
		8465FBB62746873A00AF091E /* Products */ = {
			isa = PBXGroup;
			children = (
				8465FBB52746873A00AF091E /* StreamChatSwiftUI.framework */,
				8465FBBD2746873A00AF091E /* StreamChatSwiftUITests.xctest */,
				8465FCBC27468B6900AF091E /* DemoAppSwiftUI.app */,
			);
			name = Products;
			sourceTree = "<group>";
		};
		8465FBB72746873A00AF091E /* Sources */ = {
			isa = PBXGroup;
			children = (
				8465FCEB2746A95600AF091E /* StreamChatSwiftUI */,
			);
			path = Sources;
			sourceTree = "<group>";
		};
		8465FBC12746873A00AF091E /* StreamChatSwiftUITests */ = {
			isa = PBXGroup;
			children = (
				8465FBC22746873A00AF091E /* StreamChatSwiftUITests.swift */,
			);
			path = StreamChatSwiftUITests;
			sourceTree = "<group>";
		};
		8465FCBD27468B6900AF091E /* DemoAppSwiftUI */ = {
			isa = PBXGroup;
			children = (
				8465FCBE27468B6900AF091E /* DemoAppSwiftUIApp.swift */,
				8465FCD3274694D200AF091E /* AppDelegate.swift */,
				8465FCD6274694D200AF091E /* CustomAttachment.swift */,
				8465FCD7274694D200AF091E /* CustomChannelHeader.swift */,
				8465FCD4274694D200AF091E /* DemoUser.swift */,
				8465FCD2274694D200AF091E /* LaunchAnimationState.swift */,
				8465FCD1274694D200AF091E /* LaunchScreen.swift */,
				8465FCD5274694D200AF091E /* SceneDelegate.swift */,
				8465FCC027468B6900AF091E /* ContentView.swift */,
				84335015274BABF3007A1B81 /* NewChatView.swift */,
				84335017274BAD4B007A1B81 /* NewChatViewModel.swift */,
				84B288CC274C544B00DD090B /* CreateGroupView.swift */,
				84B288D0274CEDD000DD090B /* GroupNameView.swift */,
				84B288CE274C545900DD090B /* CreateGroupViewModel.swift */,
				8465FDDC2747A14700AF091E /* CustomComposerAttachmentView.swift */,
				84335013274BAB15007A1B81 /* ViewFactoryExamples.swift */,
				8465FCCA27468B7500AF091E /* Info.plist */,
				8465FCC227468B6A00AF091E /* Assets.xcassets */,
				8465FCC427468B6A00AF091E /* Preview Content */,
			);
			path = DemoAppSwiftUI;
			sourceTree = "<group>";
		};
		8465FCC427468B6A00AF091E /* Preview Content */ = {
			isa = PBXGroup;
			children = (
				8465FCC527468B6A00AF091E /* Preview Assets.xcassets */,
			);
			path = "Preview Content";
			sourceTree = "<group>";
		};
		8465FCE5274695B400AF091E /* Frameworks */ = {
			isa = PBXGroup;
			children = (
			);
			name = Frameworks;
			sourceTree = "<group>";
		};
		8465FCEB2746A95600AF091E /* StreamChatSwiftUI */ = {
			isa = PBXGroup;
			children = (
				8465FCF22746A95600AF091E /* StreamChat.swift */,
				8465FD692746A95700AF091E /* Appearance.swift */,
				8465FD5E2746A95700AF091E /* Fonts.swift */,
				8465FD622746A95700AF091E /* Images.swift */,
				8465FD642746A95700AF091E /* ColorPalette.swift */,
				8465FD632746A95700AF091E /* Utils.swift */,
				8465FCF12746A95600AF091E /* DependencyInjection.swift */,
				8465FD5F2746A95700AF091E /* InjectedValuesExtensions.swift */,
				8465FCFB2746A95600AF091E /* ViewFactory.swift */,
				8465FCF02746A95600AF091E /* ViewModelsFactory.swift */,
				8465FD612746A95700AF091E /* DefaultViewFactory.swift */,
				8465FD4C2746A95600AF091E /* ChatChannelList */,
				8465FCFC2746A95600AF091E /* ChatChannel */,
				8465FCF92746A95600AF091E /* CommonViews */,
				8465FD312746A95600AF091E /* Utils */,
				8465FCEC2746A95600AF091E /* Generated */,
				8465FCF32746A95600AF091E /* Resources */,
				8465FD5D2746A95700AF091E /* README.md */,
				8465FD602746A95700AF091E /* StreamChatSwiftUI.h */,
				8465FD682746A95700AF091E /* Info.plist */,
			);
			path = StreamChatSwiftUI;
			sourceTree = "<group>";
		};
		8465FCEC2746A95600AF091E /* Generated */ = {
			isa = PBXGroup;
			children = (
				8465FCED2746A95600AF091E /* L10n.swift */,
				8465FCEE2746A95600AF091E /* L10n_template.stencil */,
			);
			path = Generated;
			sourceTree = "<group>";
		};
		8465FCF32746A95600AF091E /* Resources */ = {
			isa = PBXGroup;
			children = (
				8465FCF42746A95600AF091E /* Localizable.strings */,
				8465FCF62746A95600AF091E /* Localizable.stringsdict */,
				8465FCF82746A95600AF091E /* Assets.xcassets */,
			);
			path = Resources;
			sourceTree = "<group>";
		};
		8465FCF92746A95600AF091E /* CommonViews */ = {
			isa = PBXGroup;
			children = (
				8465FCFA2746A95600AF091E /* ActionItemView.swift */,
			);
			path = CommonViews;
			sourceTree = "<group>";
		};
		8465FCFC2746A95600AF091E /* ChatChannel */ = {
			isa = PBXGroup;
			children = (
				8465FD2D2746A95600AF091E /* ChatChannelView.swift */,
				8465FD302746A95600AF091E /* ChatChannelViewModel.swift */,
				8465FD2E2746A95600AF091E /* ChannelHeader */,
				8465FCFD2746A95600AF091E /* MessageList */,
				8465FD0F2746A95600AF091E /* Composer */,
				8465FD1F2746A95600AF091E /* Reactions */,
				8465FD2A2746A95600AF091E /* Utils */,
			);
			path = ChatChannel;
			sourceTree = "<group>";
		};
		8465FCFD2746A95600AF091E /* MessageList */ = {
			isa = PBXGroup;
			children = (
				8465FCFF2746A95600AF091E /* MessageListView.swift */,
				8465FD052746A95600AF091E /* MessageContainerView.swift */,
				8465FD0E2746A95600AF091E /* MessageView.swift */,
				8465FD0D2746A95600AF091E /* MessageAvatarView.swift */,
				8465FCFE2746A95600AF091E /* ImageAttachmentView.swift */,
				8465FD002746A95600AF091E /* FileAttachmentPreview.swift */,
				8465FD012746A95600AF091E /* FileAttachmentView.swift */,
				8465FD0B2746A95600AF091E /* LinkTextView.swift */,
				8465FD0C2746A95600AF091E /* LinkAttachmentView.swift */,
				8465FD022746A95600AF091E /* DeletedMessageView.swift */,
				8465FD032746A95600AF091E /* VideoPlayerView.swift */,
				8465FD042746A95600AF091E /* GiphyBadgeView.swift */,
				8465FD062746A95600AF091E /* MessageBubble.swift */,
				8465FD072746A95600AF091E /* VideoAttachmentView.swift */,
				8465FD082746A95600AF091E /* MessageTypeResolver.swift */,
				8465FD092746A95600AF091E /* WebView.swift */,
				8465FD0A2746A95600AF091E /* SystemMessageView.swift */,
			);
			path = MessageList;
			sourceTree = "<group>";
		};
		8465FD0F2746A95600AF091E /* Composer */ = {
			isa = PBXGroup;
			children = (
				8465FD1B2746A95600AF091E /* MessageComposerView.swift */,
				8465FD102746A95600AF091E /* MessageComposerViewModel.swift */,
				8465FD112746A95600AF091E /* AttachmentPickerTypeView.swift */,
				8465FD1C2746A95600AF091E /* AttachmentPickerView.swift */,
				8465FD132746A95600AF091E /* ComposerTextInputView.swift */,
				8465FD1D2746A95600AF091E /* PhotoAttachmentPickerView.swift */,
				8465FD172746A95600AF091E /* AddedImageAttachmentsView.swift */,
				8465FD1E2746A95600AF091E /* AddedFileAttachmentsView.swift */,
				8465FD122746A95600AF091E /* SendMessageButton.swift */,
				8465FD142746A95600AF091E /* DiscardAttachmentButton.swift */,
				8465FD152746A95600AF091E /* FilePickerView.swift */,
				8465FD162746A95600AF091E /* ImagePickerView.swift */,
				8465FD192746A95600AF091E /* AttachmentUploadingStateView.swift */,
				8465FD1A2746A95600AF091E /* ComposerHelperViews.swift */,
				8465FD182746A95600AF091E /* PhotoAssetsUtils.swift */,
			);
			path = Composer;
			sourceTree = "<group>";
		};
		8465FD1F2746A95600AF091E /* Reactions */ = {
			isa = PBXGroup;
			children = (
				8465FD262746A95600AF091E /* MessageActions */,
				8465FD222746A95600AF091E /* ReactionsView.swift */,
				8465FD242746A95600AF091E /* ReactionsBubbleView.swift */,
				8465FD232746A95600AF091E /* ReactionsOverlayView.swift */,
				8465FD202746A95600AF091E /* ReactionsOverlayContainer.swift */,
				8465FD212746A95600AF091E /* ReactionsOverlayViewModel.swift */,
				8465FD252746A95600AF091E /* ReactionsHelperViews.swift */,
			);
			path = Reactions;
			sourceTree = "<group>";
		};
		8465FD262746A95600AF091E /* MessageActions */ = {
			isa = PBXGroup;
			children = (
				8465FD282746A95600AF091E /* MessageActionsView.swift */,
				8465FD292746A95600AF091E /* MessageActionsViewModel.swift */,
				8465FD272746A95600AF091E /* DefaultMessageActions.swift */,
			);
			path = MessageActions;
			sourceTree = "<group>";
		};
		8465FD2A2746A95600AF091E /* Utils */ = {
			isa = PBXGroup;
			children = (
				8465FD2B2746A95600AF091E /* ChatChannelHelpers.swift */,
				8465FD2C2746A95600AF091E /* ChatChannelExtensions.swift */,
			);
			path = Utils;
			sourceTree = "<group>";
		};
		8465FD2E2746A95600AF091E /* ChannelHeader */ = {
			isa = PBXGroup;
			children = (
				8465FD2F2746A95600AF091E /* ChatChannelHeaderViewModifier.swift */,
			);
			path = ChannelHeader;
			sourceTree = "<group>";
		};
		8465FD312746A95600AF091E /* Utils */ = {
			isa = PBXGroup;
			children = (
				8465FD322746A95600AF091E /* ViewExtensions.swift */,
				8465FD332746A95600AF091E /* NukeImageLoader.swift */,
				8465FD342746A95600AF091E /* Modifiers.swift */,
				8465FD352746A95600AF091E /* LazyView.swift */,
				8465FD362746A95600AF091E /* KeyboardHandling.swift */,
				8465FD372746A95600AF091E /* ImageLoading.swift */,
				8465FD382746A95600AF091E /* Common */,
				8465FD4A2746A95600AF091E /* BundleExtensions.swift */,
				8465FD4B2746A95600AF091E /* LoadingView.swift */,
			);
			path = Utils;
			sourceTree = "<group>";
		};
		8465FD382746A95600AF091E /* Common */ = {
			isa = PBXGroup;
			children = (
				8465FD392746A95600AF091E /* AutoLayoutHelpers.swift */,
				8465FD3A2746A95600AF091E /* DateFormatter+Extensions.swift */,
				8465FD3B2746A95600AF091E /* String+Extensions.swift */,
				8465FD3C2746A95600AF091E /* UIFont+Extensions.swift */,
				8465FD3D2746A95600AF091E /* ImageCDN.swift */,
				8465FD3E2746A95600AF091E /* UIColor+Extensions.swift */,
				8465FD3F2746A95600AF091E /* UIImage+Extensions.swift */,
				8465FD402746A95600AF091E /* DateUtils.swift */,
				8465FD412746A95600AF091E /* ChatChannelNamer.swift */,
				8465FD422746A95600AF091E /* InputTextView.swift */,
				8465FD432746A95600AF091E /* NSLayoutConstraint+Extensions.swift */,
				8465FD442746A95600AF091E /* ChatMessage+Extensions.swift */,
				8465FD452746A95600AF091E /* Cache.swift */,
				8465FD462746A95600AF091E /* VideoPreviewLoader.swift */,
				8465FD472746A95600AF091E /* ChatMessageReactionAppeareance.swift */,
				8465FD482746A95600AF091E /* ImageMerger.swift */,
				8465FD492746A95600AF091E /* NukeImageProcessor.swift */,
			);
			path = Common;
			sourceTree = "<group>";
		};
		8465FD4C2746A95600AF091E /* ChatChannelList */ = {
			isa = PBXGroup;
			children = (
				8465FD552746A95700AF091E /* ChatChannelListScreen.swift */,
				8465FD512746A95600AF091E /* ChatChannelList.swift */,
				8465FD582746A95700AF091E /* ChatChannelListViewModel.swift */,
				8465FD542746A95700AF091E /* ChatChannelListHeader.swift */,
				8465FD5C2746A95700AF091E /* ChatChannelListView.swift */,
				8465FD5A2746A95700AF091E /* ChatChannelSwipeableListItem.swift */,
				8465FD532746A95600AF091E /* ChatChannelNavigatableListItem.swift */,
				8465FD592746A95700AF091E /* ChatChannelListItem.swift */,
				8465FD4D2746A95600AF091E /* ChannelAvatarsMerger.swift */,
				8465FD4E2746A95600AF091E /* ChatChannelHelperViews.swift */,
				8465FD502746A95600AF091E /* DefaultChannelActions.swift */,
				8465FD522746A95600AF091E /* NoChannelsView.swift */,
				8465FD562746A95700AF091E /* ChatChannelDeepLink.swift */,
				8465FD572746A95700AF091E /* ChannelHeaderLoader.swift */,
				8465FD4F2746A95600AF091E /* MoreChannelActionsView.swift */,
				8465FD5B2746A95700AF091E /* MoreChannelActionsViewModel.swift */,
			);
			path = ChatChannelList;
			sourceTree = "<group>";
		};
/* End PBXGroup section */

/* Begin PBXHeadersBuildPhase section */
		8465FBB02746873A00AF091E /* Headers */ = {
			isa = PBXHeadersBuildPhase;
			buildActionMask = 2147483647;
			files = (
				8465FDD82746AA2700AF091E /* StreamChatSwiftUI.h in Headers */,
			);
			runOnlyForDeploymentPostprocessing = 0;
		};
/* End PBXHeadersBuildPhase section */

/* Begin PBXNativeTarget section */
		8465FBB42746873A00AF091E /* StreamChatSwiftUI */ = {
			isa = PBXNativeTarget;
			buildConfigurationList = 8465FBC72746873A00AF091E /* Build configuration list for PBXNativeTarget "StreamChatSwiftUI" */;
			buildPhases = (
				8465FBB02746873A00AF091E /* Headers */,
				8465FCCE27468DFB00AF091E /* SwiftGen */,
				8465FBB12746873A00AF091E /* Sources */,
				8465FBB22746873A00AF091E /* Frameworks */,
				8465FBB32746873A00AF091E /* Resources */,
			);
			buildRules = (
			);
			dependencies = (
				8465FCE42746954F00AF091E /* PBXTargetDependency */,
			);
			name = StreamChatSwiftUI;
			packageProductDependencies = (
				8465FCB327468A8D00AF091E /* StreamChat */,
				8465FCB627468B0600AF091E /* NukeUI */,
			);
			productName = StreamChatSwiftUI;
			productReference = 8465FBB52746873A00AF091E /* StreamChatSwiftUI.framework */;
			productType = "com.apple.product-type.framework";
		};
		8465FBBC2746873A00AF091E /* StreamChatSwiftUITests */ = {
			isa = PBXNativeTarget;
			buildConfigurationList = 8465FBCA2746873A00AF091E /* Build configuration list for PBXNativeTarget "StreamChatSwiftUITests" */;
			buildPhases = (
				8465FBB92746873A00AF091E /* Sources */,
				8465FBBA2746873A00AF091E /* Frameworks */,
				8465FBBB2746873A00AF091E /* Resources */,
			);
			buildRules = (
			);
			dependencies = (
				8465FBC02746873A00AF091E /* PBXTargetDependency */,
			);
			name = StreamChatSwiftUITests;
			productName = StreamChatSwiftUITests;
			productReference = 8465FBBD2746873A00AF091E /* StreamChatSwiftUITests.xctest */;
			productType = "com.apple.product-type.bundle.unit-test";
		};
		8465FCBB27468B6900AF091E /* DemoAppSwiftUI */ = {
			isa = PBXNativeTarget;
			buildConfigurationList = 8465FCC727468B6A00AF091E /* Build configuration list for PBXNativeTarget "DemoAppSwiftUI" */;
			buildPhases = (
				8465FCB827468B6900AF091E /* Sources */,
				8465FCB927468B6900AF091E /* Frameworks */,
				8465FCBA27468B6900AF091E /* Resources */,
				8465FCEA274695B400AF091E /* Embed Frameworks */,
			);
			buildRules = (
			);
			dependencies = (
				8465FCE9274695B400AF091E /* PBXTargetDependency */,
			);
			name = DemoAppSwiftUI;
			productName = DemoAppSwiftUI;
			productReference = 8465FCBC27468B6900AF091E /* DemoAppSwiftUI.app */;
			productType = "com.apple.product-type.application";
		};
/* End PBXNativeTarget section */

/* Begin PBXProject section */
		8465FBAC2746873A00AF091E /* Project object */ = {
			isa = PBXProject;
			attributes = {
				BuildIndependentTargetsInParallel = 1;
				LastSwiftUpdateCheck = 1310;
				LastUpgradeCheck = 1310;
				TargetAttributes = {
					8465FBB42746873A00AF091E = {
						CreatedOnToolsVersion = 13.1;
						LastSwiftMigration = 1310;
					};
					8465FBBC2746873A00AF091E = {
						CreatedOnToolsVersion = 13.1;
					};
					8465FCBB27468B6900AF091E = {
						CreatedOnToolsVersion = 13.1;
					};
				};
			};
			buildConfigurationList = 8465FBAF2746873A00AF091E /* Build configuration list for PBXProject "StreamChatSwiftUI" */;
			compatibilityVersion = "Xcode 13.0";
			developmentRegion = en;
			hasScannedForEncodings = 0;
			knownRegions = (
				en,
				Base,
			);
			mainGroup = 8465FBAB2746873A00AF091E;
			packageReferences = (
				8465FCB227468A8D00AF091E /* XCRemoteSwiftPackageReference "stream-chat-swift" */,
				8465FCB527468B0600AF091E /* XCRemoteSwiftPackageReference "NukeUI" */,
			);
			productRefGroup = 8465FBB62746873A00AF091E /* Products */;
			projectDirPath = "";
			projectRoot = "";
			targets = (
				8465FBB42746873A00AF091E /* StreamChatSwiftUI */,
				8465FBBC2746873A00AF091E /* StreamChatSwiftUITests */,
				8465FCBB27468B6900AF091E /* DemoAppSwiftUI */,
			);
		};
/* End PBXProject section */

/* Begin PBXResourcesBuildPhase section */
		8465FBB32746873A00AF091E /* Resources */ = {
			isa = PBXResourcesBuildPhase;
			buildActionMask = 2147483647;
			files = (
				8465FDCC2746A95700AF091E /* README.md in Resources */,
				8465FD712746A95700AF091E /* Localizable.stringsdict in Resources */,
				8465FD702746A95700AF091E /* Localizable.strings in Resources */,
				8465FD6B2746A95700AF091E /* L10n_template.stencil in Resources */,
				8465FD722746A95700AF091E /* Assets.xcassets in Resources */,
			);
			runOnlyForDeploymentPostprocessing = 0;
		};
		8465FBBB2746873A00AF091E /* Resources */ = {
			isa = PBXResourcesBuildPhase;
			buildActionMask = 2147483647;
			files = (
			);
			runOnlyForDeploymentPostprocessing = 0;
		};
		8465FCBA27468B6900AF091E /* Resources */ = {
			isa = PBXResourcesBuildPhase;
			buildActionMask = 2147483647;
			files = (
				8465FCC627468B6A00AF091E /* Preview Assets.xcassets in Resources */,
				8465FCC327468B6A00AF091E /* Assets.xcassets in Resources */,
			);
			runOnlyForDeploymentPostprocessing = 0;
		};
/* End PBXResourcesBuildPhase section */

/* Begin PBXShellScriptBuildPhase section */
		8465FCCE27468DFB00AF091E /* SwiftGen */ = {
			isa = PBXShellScriptBuildPhase;
			buildActionMask = 2147483647;
			files = (
			);
			inputFileListPaths = (
			);
			inputPaths = (
			);
			name = SwiftGen;
			outputFileListPaths = (
			);
			outputPaths = (
			);
			runOnlyForDeploymentPostprocessing = 0;
			shellPath = /bin/sh;
			shellScript = "if which mint >/dev/null && mint which swiftgen; then\n  xcrun --sdk macosx mint run swiftgen config run --config Sources/StreamChatSwiftUI/.swiftgen.yml\nelse\n  echo \"Warning: Bootstrap not run, please run ./bootstrap.sh\"\nfi\n";
		};
/* End PBXShellScriptBuildPhase section */

/* Begin PBXSourcesBuildPhase section */
		8465FBB12746873A00AF091E /* Sources */ = {
			isa = PBXSourcesBuildPhase;
			buildActionMask = 2147483647;
			files = (
				8465FD962746A95700AF091E /* ReactionsOverlayViewModel.swift in Sources */,
				8465FD792746A95700AF091E /* DeletedMessageView.swift in Sources */,
				8465FDB72746A95700AF091E /* ChatMessageReactionAppeareance.swift in Sources */,
				8465FDC52746A95700AF091E /* ChatChannelDeepLink.swift in Sources */,
				8465FDBF2746A95700AF091E /* DefaultChannelActions.swift in Sources */,
				8465FD772746A95700AF091E /* FileAttachmentPreview.swift in Sources */,
				8465FD862746A95700AF091E /* MessageComposerViewModel.swift in Sources */,
				8465FD7C2746A95700AF091E /* MessageContainerView.swift in Sources */,
				8465FDB42746A95700AF091E /* ChatMessage+Extensions.swift in Sources */,
				8465FD8C2746A95700AF091E /* ImagePickerView.swift in Sources */,
				8465FDB22746A95700AF091E /* InputTextView.swift in Sources */,
				8465FDB32746A95700AF091E /* NSLayoutConstraint+Extensions.swift in Sources */,
				8465FD912746A95700AF091E /* MessageComposerView.swift in Sources */,
				8465FD6A2746A95700AF091E /* L10n.swift in Sources */,
				8465FD922746A95700AF091E /* AttachmentPickerView.swift in Sources */,
				8465FD952746A95700AF091E /* ReactionsOverlayContainer.swift in Sources */,
				8465FDA82746A95700AF091E /* ImageLoading.swift in Sources */,
				8465FDBE2746A95700AF091E /* MoreChannelActionsView.swift in Sources */,
				8465FD902746A95700AF091E /* ComposerHelperViews.swift in Sources */,
				8465FD7B2746A95700AF091E /* GiphyBadgeView.swift in Sources */,
				8465FDBD2746A95700AF091E /* ChatChannelHelperViews.swift in Sources */,
				8465FD8D2746A95700AF091E /* AddedImageAttachmentsView.swift in Sources */,
				8465FDAA2746A95700AF091E /* DateFormatter+Extensions.swift in Sources */,
				8465FD742746A95700AF091E /* ViewFactory.swift in Sources */,
				8465FDC12746A95700AF091E /* NoChannelsView.swift in Sources */,
				8465FDA32746A95700AF091E /* ViewExtensions.swift in Sources */,
				8465FDA22746A95700AF091E /* ChatChannelViewModel.swift in Sources */,
				8465FD982746A95700AF091E /* ReactionsOverlayView.swift in Sources */,
				8465FDCD2746A95700AF091E /* Fonts.swift in Sources */,
				8465FD9A2746A95700AF091E /* ReactionsHelperViews.swift in Sources */,
				8465FDC02746A95700AF091E /* ChatChannelList.swift in Sources */,
				8465FD9F2746A95700AF091E /* ChatChannelExtensions.swift in Sources */,
				8465FD882746A95700AF091E /* SendMessageButton.swift in Sources */,
				8465FDC82746A95700AF091E /* ChatChannelListItem.swift in Sources */,
				8465FDA62746A95700AF091E /* LazyView.swift in Sources */,
				8465FDB52746A95700AF091E /* Cache.swift in Sources */,
				8465FD9B2746A95700AF091E /* DefaultMessageActions.swift in Sources */,
				8465FD932746A95700AF091E /* PhotoAttachmentPickerView.swift in Sources */,
				8465FDC42746A95700AF091E /* ChatChannelListScreen.swift in Sources */,
				8465FD7F2746A95700AF091E /* MessageTypeResolver.swift in Sources */,
				8465FDA42746A95700AF091E /* NukeImageLoader.swift in Sources */,
				8465FD842746A95700AF091E /* MessageAvatarView.swift in Sources */,
				8465FDC72746A95700AF091E /* ChatChannelListViewModel.swift in Sources */,
				8465FDD02746A95700AF091E /* DefaultViewFactory.swift in Sources */,
				8465FD822746A95700AF091E /* LinkTextView.swift in Sources */,
				8465FD6D2746A95700AF091E /* ViewModelsFactory.swift in Sources */,
				8465FDBA2746A95700AF091E /* BundleExtensions.swift in Sources */,
				8465FD812746A95700AF091E /* SystemMessageView.swift in Sources */,
				8465FD7D2746A95700AF091E /* MessageBubble.swift in Sources */,
				8465FDC62746A95700AF091E /* ChannelHeaderLoader.swift in Sources */,
				8465FD872746A95700AF091E /* AttachmentPickerTypeView.swift in Sources */,
				8465FD892746A95700AF091E /* ComposerTextInputView.swift in Sources */,
				8465FDBC2746A95700AF091E /* ChannelAvatarsMerger.swift in Sources */,
				8465FDB82746A95700AF091E /* ImageMerger.swift in Sources */,
				8465FD752746A95700AF091E /* ImageAttachmentView.swift in Sources */,
				8465FD832746A95700AF091E /* LinkAttachmentView.swift in Sources */,
				8465FDC22746A95700AF091E /* ChatChannelNavigatableListItem.swift in Sources */,
				8465FDAD2746A95700AF091E /* ImageCDN.swift in Sources */,
				8465FD762746A95700AF091E /* MessageListView.swift in Sources */,
				8465FDAB2746A95700AF091E /* String+Extensions.swift in Sources */,
				8465FDA52746A95700AF091E /* Modifiers.swift in Sources */,
				8465FDBB2746A95700AF091E /* LoadingView.swift in Sources */,
				8465FD9C2746A95700AF091E /* MessageActionsView.swift in Sources */,
				8465FD6E2746A95700AF091E /* DependencyInjection.swift in Sources */,
				8465FDC92746A95700AF091E /* ChatChannelSwipeableListItem.swift in Sources */,
				8465FDD32746A95800AF091E /* ColorPalette.swift in Sources */,
				8465FD782746A95700AF091E /* FileAttachmentView.swift in Sources */,
				8465FDAE2746A95700AF091E /* UIColor+Extensions.swift in Sources */,
				8465FD6F2746A95700AF091E /* StreamChat.swift in Sources */,
				8465FD8F2746A95700AF091E /* AttachmentUploadingStateView.swift in Sources */,
				8465FD732746A95700AF091E /* ActionItemView.swift in Sources */,
				8465FDA72746A95700AF091E /* KeyboardHandling.swift in Sources */,
				8465FDD72746A95800AF091E /* Appearance.swift in Sources */,
				8465FD8A2746A95700AF091E /* DiscardAttachmentButton.swift in Sources */,
				8465FDCB2746A95700AF091E /* ChatChannelListView.swift in Sources */,
				8465FDD22746A95800AF091E /* Utils.swift in Sources */,
				8465FDA12746A95700AF091E /* ChatChannelHeaderViewModifier.swift in Sources */,
				8465FDA02746A95700AF091E /* ChatChannelView.swift in Sources */,
				8465FD802746A95700AF091E /* WebView.swift in Sources */,
				8465FD942746A95700AF091E /* AddedFileAttachmentsView.swift in Sources */,
				8465FD852746A95700AF091E /* MessageView.swift in Sources */,
				8465FDCA2746A95700AF091E /* MoreChannelActionsViewModel.swift in Sources */,
				8465FDD12746A95700AF091E /* Images.swift in Sources */,
				8465FD992746A95700AF091E /* ReactionsBubbleView.swift in Sources */,
				8465FDB02746A95700AF091E /* DateUtils.swift in Sources */,
				8465FD7A2746A95700AF091E /* VideoPlayerView.swift in Sources */,
				8465FD8B2746A95700AF091E /* FilePickerView.swift in Sources */,
				8465FDA92746A95700AF091E /* AutoLayoutHelpers.swift in Sources */,
				8465FDC32746A95700AF091E /* ChatChannelListHeader.swift in Sources */,
				8465FD9D2746A95700AF091E /* MessageActionsViewModel.swift in Sources */,
				8465FD7E2746A95700AF091E /* VideoAttachmentView.swift in Sources */,
				8465FD8E2746A95700AF091E /* PhotoAssetsUtils.swift in Sources */,
				8465FDB92746A95700AF091E /* NukeImageProcessor.swift in Sources */,
				8465FD972746A95700AF091E /* ReactionsView.swift in Sources */,
				8465FDB62746A95700AF091E /* VideoPreviewLoader.swift in Sources */,
				8465FDAF2746A95700AF091E /* UIImage+Extensions.swift in Sources */,
				8465FDCE2746A95700AF091E /* InjectedValuesExtensions.swift in Sources */,
				8465FDAC2746A95700AF091E /* UIFont+Extensions.swift in Sources */,
				8465FDB12746A95700AF091E /* ChatChannelNamer.swift in Sources */,
				8465FD9E2746A95700AF091E /* ChatChannelHelpers.swift in Sources */,
			);
			runOnlyForDeploymentPostprocessing = 0;
		};
		8465FBB92746873A00AF091E /* Sources */ = {
			isa = PBXSourcesBuildPhase;
			buildActionMask = 2147483647;
			files = (
				8465FBC32746873A00AF091E /* StreamChatSwiftUITests.swift in Sources */,
			);
			runOnlyForDeploymentPostprocessing = 0;
		};
		8465FCB827468B6900AF091E /* Sources */ = {
			isa = PBXSourcesBuildPhase;
			buildActionMask = 2147483647;
			files = (
				8465FDDD2747A14700AF091E /* CustomComposerAttachmentView.swift in Sources */,
				84335016274BABF3007A1B81 /* NewChatView.swift in Sources */,
				8465FCC127468B6900AF091E /* ContentView.swift in Sources */,
				84335018274BAD4B007A1B81 /* NewChatViewModel.swift in Sources */,
				84B288CD274C544B00DD090B /* CreateGroupView.swift in Sources */,
				8465FCDC274694D200AF091E /* SceneDelegate.swift in Sources */,
				8465FCD9274694D200AF091E /* LaunchAnimationState.swift in Sources */,
				84B288D1274CEDD000DD090B /* GroupNameView.swift in Sources */,
				84335014274BAB15007A1B81 /* ViewFactoryExamples.swift in Sources */,
				8465FCDE274694D200AF091E /* CustomChannelHeader.swift in Sources */,
				8465FCBF27468B6900AF091E /* DemoAppSwiftUIApp.swift in Sources */,
				8465FCDB274694D200AF091E /* DemoUser.swift in Sources */,
				8465FCDD274694D200AF091E /* CustomAttachment.swift in Sources */,
				8465FCDA274694D200AF091E /* AppDelegate.swift in Sources */,
				8465FCD8274694D200AF091E /* LaunchScreen.swift in Sources */,
				84B288CF274C545900DD090B /* CreateGroupViewModel.swift in Sources */,
			);
			runOnlyForDeploymentPostprocessing = 0;
		};
/* End PBXSourcesBuildPhase section */

/* Begin PBXTargetDependency section */
		8465FBC02746873A00AF091E /* PBXTargetDependency */ = {
			isa = PBXTargetDependency;
			target = 8465FBB42746873A00AF091E /* StreamChatSwiftUI */;
			targetProxy = 8465FBBF2746873A00AF091E /* PBXContainerItemProxy */;
		};
		8465FCE42746954F00AF091E /* PBXTargetDependency */ = {
			isa = PBXTargetDependency;
			productRef = 8465FCE32746954F00AF091E /* StreamChat */;
		};
		8465FCE9274695B400AF091E /* PBXTargetDependency */ = {
			isa = PBXTargetDependency;
			platformFilter = ios;
			target = 8465FBB42746873A00AF091E /* StreamChatSwiftUI */;
			targetProxy = 8465FCE8274695B400AF091E /* PBXContainerItemProxy */;
		};
/* End PBXTargetDependency section */

/* Begin PBXVariantGroup section */
		8465FCF42746A95600AF091E /* Localizable.strings */ = {
			isa = PBXVariantGroup;
			children = (
				8465FCF52746A95600AF091E /* en */,
			);
			name = Localizable.strings;
			sourceTree = "<group>";
		};
		8465FCF62746A95600AF091E /* Localizable.stringsdict */ = {
			isa = PBXVariantGroup;
			children = (
				8465FCF72746A95600AF091E /* en */,
			);
			name = Localizable.stringsdict;
			sourceTree = "<group>";
		};
/* End PBXVariantGroup section */

/* Begin XCBuildConfiguration section */
		8465FBC52746873A00AF091E /* Debug */ = {
			isa = XCBuildConfiguration;
			buildSettings = {
				ALWAYS_SEARCH_USER_PATHS = NO;
				CLANG_ANALYZER_NONNULL = YES;
				CLANG_ANALYZER_NUMBER_OBJECT_CONVERSION = YES_AGGRESSIVE;
				CLANG_CXX_LANGUAGE_STANDARD = "gnu++17";
				CLANG_CXX_LIBRARY = "libc++";
				CLANG_ENABLE_MODULES = YES;
				CLANG_ENABLE_OBJC_ARC = YES;
				CLANG_ENABLE_OBJC_WEAK = YES;
				CLANG_WARN_BLOCK_CAPTURE_AUTORELEASING = YES;
				CLANG_WARN_BOOL_CONVERSION = YES;
				CLANG_WARN_COMMA = YES;
				CLANG_WARN_CONSTANT_CONVERSION = YES;
				CLANG_WARN_DEPRECATED_OBJC_IMPLEMENTATIONS = YES;
				CLANG_WARN_DIRECT_OBJC_ISA_USAGE = YES_ERROR;
				CLANG_WARN_DOCUMENTATION_COMMENTS = YES;
				CLANG_WARN_EMPTY_BODY = YES;
				CLANG_WARN_ENUM_CONVERSION = YES;
				CLANG_WARN_INFINITE_RECURSION = YES;
				CLANG_WARN_INT_CONVERSION = YES;
				CLANG_WARN_NON_LITERAL_NULL_CONVERSION = YES;
				CLANG_WARN_OBJC_IMPLICIT_RETAIN_SELF = YES;
				CLANG_WARN_OBJC_LITERAL_CONVERSION = YES;
				CLANG_WARN_OBJC_ROOT_CLASS = YES_ERROR;
				CLANG_WARN_QUOTED_INCLUDE_IN_FRAMEWORK_HEADER = YES;
				CLANG_WARN_RANGE_LOOP_ANALYSIS = YES;
				CLANG_WARN_STRICT_PROTOTYPES = YES;
				CLANG_WARN_SUSPICIOUS_MOVE = YES;
				CLANG_WARN_UNGUARDED_AVAILABILITY = YES_AGGRESSIVE;
				CLANG_WARN_UNREACHABLE_CODE = YES;
				CLANG_WARN__DUPLICATE_METHOD_MATCH = YES;
				COPY_PHASE_STRIP = NO;
				CURRENT_PROJECT_VERSION = 1;
				DEBUG_INFORMATION_FORMAT = dwarf;
				ENABLE_STRICT_OBJC_MSGSEND = YES;
				ENABLE_TESTABILITY = YES;
				GCC_C_LANGUAGE_STANDARD = gnu11;
				GCC_DYNAMIC_NO_PIC = NO;
				GCC_NO_COMMON_BLOCKS = YES;
				GCC_OPTIMIZATION_LEVEL = 0;
				GCC_PREPROCESSOR_DEFINITIONS = (
					"DEBUG=1",
					"$(inherited)",
				);
				GCC_WARN_64_TO_32_BIT_CONVERSION = YES;
				GCC_WARN_ABOUT_RETURN_TYPE = YES_ERROR;
				GCC_WARN_UNDECLARED_SELECTOR = YES;
				GCC_WARN_UNINITIALIZED_AUTOS = YES_AGGRESSIVE;
				GCC_WARN_UNUSED_FUNCTION = YES;
				GCC_WARN_UNUSED_VARIABLE = YES;
				IPHONEOS_DEPLOYMENT_TARGET = 15.0;
				MTL_ENABLE_DEBUG_INFO = INCLUDE_SOURCE;
				MTL_FAST_MATH = YES;
				ONLY_ACTIVE_ARCH = YES;
				SDKROOT = iphoneos;
				SWIFT_ACTIVE_COMPILATION_CONDITIONS = DEBUG;
				SWIFT_OPTIMIZATION_LEVEL = "-Onone";
				VERSIONING_SYSTEM = "apple-generic";
				VERSION_INFO_PREFIX = "";
			};
			name = Debug;
		};
		8465FBC62746873A00AF091E /* Release */ = {
			isa = XCBuildConfiguration;
			buildSettings = {
				ALWAYS_SEARCH_USER_PATHS = NO;
				CLANG_ANALYZER_NONNULL = YES;
				CLANG_ANALYZER_NUMBER_OBJECT_CONVERSION = YES_AGGRESSIVE;
				CLANG_CXX_LANGUAGE_STANDARD = "gnu++17";
				CLANG_CXX_LIBRARY = "libc++";
				CLANG_ENABLE_MODULES = YES;
				CLANG_ENABLE_OBJC_ARC = YES;
				CLANG_ENABLE_OBJC_WEAK = YES;
				CLANG_WARN_BLOCK_CAPTURE_AUTORELEASING = YES;
				CLANG_WARN_BOOL_CONVERSION = YES;
				CLANG_WARN_COMMA = YES;
				CLANG_WARN_CONSTANT_CONVERSION = YES;
				CLANG_WARN_DEPRECATED_OBJC_IMPLEMENTATIONS = YES;
				CLANG_WARN_DIRECT_OBJC_ISA_USAGE = YES_ERROR;
				CLANG_WARN_DOCUMENTATION_COMMENTS = YES;
				CLANG_WARN_EMPTY_BODY = YES;
				CLANG_WARN_ENUM_CONVERSION = YES;
				CLANG_WARN_INFINITE_RECURSION = YES;
				CLANG_WARN_INT_CONVERSION = YES;
				CLANG_WARN_NON_LITERAL_NULL_CONVERSION = YES;
				CLANG_WARN_OBJC_IMPLICIT_RETAIN_SELF = YES;
				CLANG_WARN_OBJC_LITERAL_CONVERSION = YES;
				CLANG_WARN_OBJC_ROOT_CLASS = YES_ERROR;
				CLANG_WARN_QUOTED_INCLUDE_IN_FRAMEWORK_HEADER = YES;
				CLANG_WARN_RANGE_LOOP_ANALYSIS = YES;
				CLANG_WARN_STRICT_PROTOTYPES = YES;
				CLANG_WARN_SUSPICIOUS_MOVE = YES;
				CLANG_WARN_UNGUARDED_AVAILABILITY = YES_AGGRESSIVE;
				CLANG_WARN_UNREACHABLE_CODE = YES;
				CLANG_WARN__DUPLICATE_METHOD_MATCH = YES;
				COPY_PHASE_STRIP = NO;
				CURRENT_PROJECT_VERSION = 1;
				DEBUG_INFORMATION_FORMAT = "dwarf-with-dsym";
				ENABLE_NS_ASSERTIONS = NO;
				ENABLE_STRICT_OBJC_MSGSEND = YES;
				GCC_C_LANGUAGE_STANDARD = gnu11;
				GCC_NO_COMMON_BLOCKS = YES;
				GCC_WARN_64_TO_32_BIT_CONVERSION = YES;
				GCC_WARN_ABOUT_RETURN_TYPE = YES_ERROR;
				GCC_WARN_UNDECLARED_SELECTOR = YES;
				GCC_WARN_UNINITIALIZED_AUTOS = YES_AGGRESSIVE;
				GCC_WARN_UNUSED_FUNCTION = YES;
				GCC_WARN_UNUSED_VARIABLE = YES;
				IPHONEOS_DEPLOYMENT_TARGET = 15.0;
				MTL_ENABLE_DEBUG_INFO = NO;
				MTL_FAST_MATH = YES;
				SDKROOT = iphoneos;
				SWIFT_COMPILATION_MODE = wholemodule;
				SWIFT_OPTIMIZATION_LEVEL = "-O";
				VALIDATE_PRODUCT = YES;
				VERSIONING_SYSTEM = "apple-generic";
				VERSION_INFO_PREFIX = "";
			};
			name = Release;
		};
		8465FBC82746873A00AF091E /* Debug */ = {
			isa = XCBuildConfiguration;
			buildSettings = {
				CLANG_ENABLE_MODULES = YES;
				CODE_SIGN_STYLE = Automatic;
				CURRENT_PROJECT_VERSION = 1;
				DEFINES_MODULE = YES;
				DEVELOPMENT_TEAM = EHV7XZLAHA;
				DYLIB_COMPATIBILITY_VERSION = 1;
				DYLIB_CURRENT_VERSION = 1;
				DYLIB_INSTALL_NAME_BASE = "@rpath";
				GENERATE_INFOPLIST_FILE = NO;
				INFOPLIST_FILE = Sources/StreamChatSwiftUI/Info.plist;
				INFOPLIST_KEY_NSHumanReadableCopyright = "";
				INSTALL_PATH = "$(LOCAL_LIBRARY_DIR)/Frameworks";
				IPHONEOS_DEPLOYMENT_TARGET = 14.0;
				LD_RUNPATH_SEARCH_PATHS = (
					"$(inherited)",
					"@executable_path/Frameworks",
					"@loader_path/Frameworks",
				);
				MARKETING_VERSION = 1.0;
				PRODUCT_BUNDLE_IDENTIFIER = io.getstream.iOS.StreamChatSwiftUI;
				PRODUCT_NAME = "$(TARGET_NAME:c99extidentifier)";
				SKIP_INSTALL = YES;
				SUPPORTS_MACCATALYST = NO;
				SWIFT_EMIT_LOC_STRINGS = YES;
				SWIFT_OPTIMIZATION_LEVEL = "-Onone";
				SWIFT_VERSION = 5.0;
				TARGETED_DEVICE_FAMILY = "1,2";
			};
			name = Debug;
		};
		8465FBC92746873A00AF091E /* Release */ = {
			isa = XCBuildConfiguration;
			buildSettings = {
				CLANG_ENABLE_MODULES = YES;
				CODE_SIGN_STYLE = Automatic;
				CURRENT_PROJECT_VERSION = 1;
				DEFINES_MODULE = YES;
				DEVELOPMENT_TEAM = EHV7XZLAHA;
				DYLIB_COMPATIBILITY_VERSION = 1;
				DYLIB_CURRENT_VERSION = 1;
				DYLIB_INSTALL_NAME_BASE = "@rpath";
				GENERATE_INFOPLIST_FILE = NO;
				INFOPLIST_FILE = Sources/StreamChatSwiftUI/Info.plist;
				INFOPLIST_KEY_NSHumanReadableCopyright = "";
				INSTALL_PATH = "$(LOCAL_LIBRARY_DIR)/Frameworks";
				IPHONEOS_DEPLOYMENT_TARGET = 14.0;
				LD_RUNPATH_SEARCH_PATHS = (
					"$(inherited)",
					"@executable_path/Frameworks",
					"@loader_path/Frameworks",
				);
				MARKETING_VERSION = 1.0;
				PRODUCT_BUNDLE_IDENTIFIER = io.getstream.iOS.StreamChatSwiftUI;
				PRODUCT_NAME = "$(TARGET_NAME:c99extidentifier)";
				SKIP_INSTALL = YES;
				SUPPORTS_MACCATALYST = NO;
				SWIFT_EMIT_LOC_STRINGS = YES;
				SWIFT_VERSION = 5.0;
				TARGETED_DEVICE_FAMILY = "1,2";
			};
			name = Release;
		};
		8465FBCB2746873A00AF091E /* Debug */ = {
			isa = XCBuildConfiguration;
			buildSettings = {
				ALWAYS_EMBED_SWIFT_STANDARD_LIBRARIES = YES;
				CODE_SIGN_STYLE = Automatic;
				CURRENT_PROJECT_VERSION = 1;
				DEVELOPMENT_TEAM = EHV7XZLAHA;
				GENERATE_INFOPLIST_FILE = YES;
				LD_RUNPATH_SEARCH_PATHS = (
					"$(inherited)",
					"@executable_path/Frameworks",
					"@loader_path/Frameworks",
				);
				MARKETING_VERSION = 1.0;
				PRODUCT_BUNDLE_IDENTIFIER = io.getstream.iOS.StreamChatSwiftUITests;
				PRODUCT_NAME = "$(TARGET_NAME)";
				SWIFT_EMIT_LOC_STRINGS = NO;
				SWIFT_VERSION = 5.0;
				TARGETED_DEVICE_FAMILY = "1,2";
			};
			name = Debug;
		};
		8465FBCC2746873A00AF091E /* Release */ = {
			isa = XCBuildConfiguration;
			buildSettings = {
				ALWAYS_EMBED_SWIFT_STANDARD_LIBRARIES = YES;
				CODE_SIGN_STYLE = Automatic;
				CURRENT_PROJECT_VERSION = 1;
				DEVELOPMENT_TEAM = EHV7XZLAHA;
				GENERATE_INFOPLIST_FILE = YES;
				LD_RUNPATH_SEARCH_PATHS = (
					"$(inherited)",
					"@executable_path/Frameworks",
					"@loader_path/Frameworks",
				);
				MARKETING_VERSION = 1.0;
				PRODUCT_BUNDLE_IDENTIFIER = io.getstream.iOS.StreamChatSwiftUITests;
				PRODUCT_NAME = "$(TARGET_NAME)";
				SWIFT_EMIT_LOC_STRINGS = NO;
				SWIFT_VERSION = 5.0;
				TARGETED_DEVICE_FAMILY = "1,2";
			};
			name = Release;
		};
		8465FCC827468B6A00AF091E /* Debug */ = {
			isa = XCBuildConfiguration;
			buildSettings = {
				ALWAYS_EMBED_SWIFT_STANDARD_LIBRARIES = YES;
				ASSETCATALOG_COMPILER_APPICON_NAME = AppIcon;
				ASSETCATALOG_COMPILER_GLOBAL_ACCENT_COLOR_NAME = AccentColor;
				CODE_SIGN_IDENTITY = "Apple Development";
				CODE_SIGN_STYLE = Manual;
				CURRENT_PROJECT_VERSION = 1;
				DEVELOPMENT_ASSET_PATHS = "\"DemoAppSwiftUI/Preview Content\"";
				DEVELOPMENT_TEAM = EHV7XZLAHA;
				ENABLE_PREVIEWS = YES;
				GENERATE_INFOPLIST_FILE = NO;
				INFOPLIST_FILE = DemoAppSwiftUI/Info.plist;
				INFOPLIST_KEY_UIApplicationSupportsIndirectInputEvents = YES;
				INFOPLIST_KEY_UILaunchScreen_Generation = YES;
				INFOPLIST_KEY_UISupportedInterfaceOrientations_iPad = "UIInterfaceOrientationPortrait UIInterfaceOrientationPortraitUpsideDown UIInterfaceOrientationLandscapeLeft UIInterfaceOrientationLandscapeRight";
				INFOPLIST_KEY_UISupportedInterfaceOrientations_iPhone = "UIInterfaceOrientationPortrait UIInterfaceOrientationLandscapeLeft UIInterfaceOrientationLandscapeRight";
				IPHONEOS_DEPLOYMENT_TARGET = 14.0;
				LD_RUNPATH_SEARCH_PATHS = (
					"$(inherited)",
					"@executable_path/Frameworks",
				);
				MARKETING_VERSION = 1.0;
				PRODUCT_BUNDLE_IDENTIFIER = io.getstream.iOS.DemoAppSwiftUI;
				PRODUCT_NAME = "$(TARGET_NAME)";
				PROVISIONING_PROFILE_SPECIFIER = "match Development io.getstream.iOS.DemoAppSwiftUI";
				SWIFT_EMIT_LOC_STRINGS = YES;
				SWIFT_VERSION = 5.0;
				TARGETED_DEVICE_FAMILY = "1,2";
			};
			name = Debug;
		};
		8465FCC927468B6A00AF091E /* Release */ = {
			isa = XCBuildConfiguration;
			buildSettings = {
				ALWAYS_EMBED_SWIFT_STANDARD_LIBRARIES = YES;
				ASSETCATALOG_COMPILER_APPICON_NAME = AppIcon;
				ASSETCATALOG_COMPILER_GLOBAL_ACCENT_COLOR_NAME = AccentColor;
				CODE_SIGN_IDENTITY = "Apple Distribution";
				CODE_SIGN_STYLE = Manual;
				CURRENT_PROJECT_VERSION = 1;
				DEVELOPMENT_ASSET_PATHS = "\"DemoAppSwiftUI/Preview Content\"";
				DEVELOPMENT_TEAM = EHV7XZLAHA;
				ENABLE_PREVIEWS = YES;
				GENERATE_INFOPLIST_FILE = NO;
				INFOPLIST_FILE = DemoAppSwiftUI/Info.plist;
				INFOPLIST_KEY_UIApplicationSupportsIndirectInputEvents = YES;
				INFOPLIST_KEY_UILaunchScreen_Generation = YES;
				INFOPLIST_KEY_UISupportedInterfaceOrientations_iPad = "UIInterfaceOrientationPortrait UIInterfaceOrientationPortraitUpsideDown UIInterfaceOrientationLandscapeLeft UIInterfaceOrientationLandscapeRight";
				INFOPLIST_KEY_UISupportedInterfaceOrientations_iPhone = "UIInterfaceOrientationPortrait UIInterfaceOrientationLandscapeLeft UIInterfaceOrientationLandscapeRight";
				IPHONEOS_DEPLOYMENT_TARGET = 14.0;
				LD_RUNPATH_SEARCH_PATHS = (
					"$(inherited)",
					"@executable_path/Frameworks",
				);
				MARKETING_VERSION = 1.0;
				PRODUCT_BUNDLE_IDENTIFIER = io.getstream.iOS.DemoAppSwiftUI;
				PRODUCT_NAME = "$(TARGET_NAME)";
				PROVISIONING_PROFILE_SPECIFIER = "match AppStore io.getstream.iOS.DemoAppSwiftUI";
				SWIFT_EMIT_LOC_STRINGS = YES;
				SWIFT_VERSION = 5.0;
				TARGETED_DEVICE_FAMILY = "1,2";
			};
			name = Release;
		};
/* End XCBuildConfiguration section */

/* Begin XCConfigurationList section */
		8465FBAF2746873A00AF091E /* Build configuration list for PBXProject "StreamChatSwiftUI" */ = {
			isa = XCConfigurationList;
			buildConfigurations = (
				8465FBC52746873A00AF091E /* Debug */,
				8465FBC62746873A00AF091E /* Release */,
			);
			defaultConfigurationIsVisible = 0;
			defaultConfigurationName = Release;
		};
		8465FBC72746873A00AF091E /* Build configuration list for PBXNativeTarget "StreamChatSwiftUI" */ = {
			isa = XCConfigurationList;
			buildConfigurations = (
				8465FBC82746873A00AF091E /* Debug */,
				8465FBC92746873A00AF091E /* Release */,
			);
			defaultConfigurationIsVisible = 0;
			defaultConfigurationName = Release;
		};
		8465FBCA2746873A00AF091E /* Build configuration list for PBXNativeTarget "StreamChatSwiftUITests" */ = {
			isa = XCConfigurationList;
			buildConfigurations = (
				8465FBCB2746873A00AF091E /* Debug */,
				8465FBCC2746873A00AF091E /* Release */,
			);
			defaultConfigurationIsVisible = 0;
			defaultConfigurationName = Release;
		};
		8465FCC727468B6A00AF091E /* Build configuration list for PBXNativeTarget "DemoAppSwiftUI" */ = {
			isa = XCConfigurationList;
			buildConfigurations = (
				8465FCC827468B6A00AF091E /* Debug */,
				8465FCC927468B6A00AF091E /* Release */,
			);
			defaultConfigurationIsVisible = 0;
			defaultConfigurationName = Release;
		};
/* End XCConfigurationList section */

/* Begin XCRemoteSwiftPackageReference section */
		8465FCB227468A8D00AF091E /* XCRemoteSwiftPackageReference "stream-chat-swift" */ = {
			isa = XCRemoteSwiftPackageReference;
			repositoryURL = "https://github.com/GetStream/stream-chat-swift.git";
			requirement = {
				branch = main;
				kind = branch;
			};
		};
		8465FCB527468B0600AF091E /* XCRemoteSwiftPackageReference "NukeUI" */ = {
			isa = XCRemoteSwiftPackageReference;
			repositoryURL = "https://github.com/kean/NukeUI.git";
			requirement = {
				kind = upToNextMajorVersion;
				minimumVersion = 0.7.0;
			};
		};
/* End XCRemoteSwiftPackageReference section */

/* Begin XCSwiftPackageProductDependency section */
		8465FCB327468A8D00AF091E /* StreamChat */ = {
			isa = XCSwiftPackageProductDependency;
			package = 8465FCB227468A8D00AF091E /* XCRemoteSwiftPackageReference "stream-chat-swift" */;
			productName = StreamChat;
		};
		8465FCB627468B0600AF091E /* NukeUI */ = {
			isa = XCSwiftPackageProductDependency;
			package = 8465FCB527468B0600AF091E /* XCRemoteSwiftPackageReference "NukeUI" */;
			productName = NukeUI;
		};
		8465FCE32746954F00AF091E /* StreamChat */ = {
			isa = XCSwiftPackageProductDependency;
			package = 8465FCB227468A8D00AF091E /* XCRemoteSwiftPackageReference "stream-chat-swift" */;
			productName = StreamChat;
		};
/* End XCSwiftPackageProductDependency section */
	};
	rootObject = 8465FBAC2746873A00AF091E /* Project object */;
}
